<?xml version="1.0" encoding="utf-8"?>
<Project ToolsVersion="4.0" xmlns="http://schemas.microsoft.com/developer/msbuild/2003">
  <ItemGroup>
    <Filter Include="OLE">
      <UniqueIdentifier>{93995380-89BD-4b04-88EB-625FBE52EBFB}</UniqueIdentifier>
      <Extensions>h;hpp;hxx;hm;inl;inc;xsd</Extensions>
    </Filter>
    <Filter Include="DllMain">
      <UniqueIdentifier>{4FC737F1-C7A5-4376-A066-2A32D752A2FF}</UniqueIdentifier>
      <Extensions>cpp;c;cc;cxx;def;odl;idl;hpj;bat;asm;asmx</Extensions>
    </Filter>
  </ItemGroup>
  <ItemGroup>
    <ClCompile Include="OleFile.cpp">
      <Filter>OLE</Filter>
    </ClCompile>
    <ClCompile Include="dllmain.cpp">
      <Filter>DllMain</Filter>
    </ClCompile>
    <ClCompile Include="stdafx.cpp">
      <Filter>DllMain</Filter>
    </ClCompile>
  </ItemGroup>
  <ItemGroup>
    <ClInclude Include="OleFile.h">
      <Filter>OLE</Filter>
    </ClInclude>
    <ClInclude Include="..\Rawer\Plugin.h">
      <Filter>OLE</Filter>
    </ClInclude>
    <ClInclude Include="dllmain.h">
      <Filter>DllMain</Filter>
    </ClInclude>
    <ClInclude Include="stdafx.h">
      <Filter>DllMain</Filter>
    </ClInclude>
  </ItemGroup>
  <ItemGroup>
    <None Include="module.def">
      <Filter>DllMain</Filter>
    </None>
  </ItemGroup>
</Project>