<?xml version="1.0" encoding="utf-8"?>
<Project ToolsVersion="4.0" xmlns="http://schemas.microsoft.com/developer/msbuild/2003">
  <ItemGroup>
    <Filter Include="Resource Files">
      <UniqueIdentifier>{D9D6E242-F8AF-46E4-B9FD-80ECBC20BA3E}</UniqueIdentifier>
      <Extensions>qrc;*</Extensions>
      <ParseFiles>false</ParseFiles>
    </Filter>
    <Filter Include="Generated Files">
      <UniqueIdentifier>{71ED8ED8-ACB9-4CE9-BBE1-E00B30144E11}</UniqueIdentifier>
      <Extensions>moc;h;cpp</Extensions>
      <SourceControlFiles>False</SourceControlFiles>
    </Filter>
    <Filter Include="Generated Files\Debug">
      <UniqueIdentifier>{9eefa3e4-f85e-4886-a769-cb3fad4e4997}</UniqueIdentifier>
      <Extensions>cpp;moc</Extensions>
      <SourceControlFiles>False</SourceControlFiles>
    </Filter>
    <Filter Include="Generated Files\Release">
      <UniqueIdentifier>{71035413-2b9c-490d-ae2f-d4b6c5640a99}</UniqueIdentifier>
      <Extensions>cpp;moc</Extensions>
      <SourceControlFiles>False</SourceControlFiles>
    </Filter>
    <Filter Include="GUI">
      <UniqueIdentifier>{f3d17c5d-3aaf-434b-8367-123e827a937e}</UniqueIdentifier>
    </Filter>
    <Filter Include="GUI\Form Files">
      <UniqueIdentifier>{99349809-55BA-4b9d-BF79-8FDBB0286EB3}</UniqueIdentifier>
      <Extensions>ui</Extensions>
    </Filter>
    <Filter Include="Core">
      <UniqueIdentifier>{a6f9a18a-e674-47cd-a38b-32d8115ddb06}</UniqueIdentifier>
    </Filter>
    <Filter Include="Core\DHFS">
      <UniqueIdentifier>{059e99cd-9b3e-4864-ac6b-49a6ffd9c281}</UniqueIdentifier>
    </Filter>
    <Filter Include="zfs">
      <UniqueIdentifier>{19b7121b-906e-4005-a6ed-cd2d40073ba6}</UniqueIdentifier>
    </Filter>
    <Filter Include="zfs\compression">
      <UniqueIdentifier>{c5c09f6c-968b-4d1a-8568-9bd48eedf7b9}</UniqueIdentifier>
    </Filter>
    <Filter Include="Utility">
      <UniqueIdentifier>{046a8a94-bdb5-4e60-a16b-494c178f818e}</UniqueIdentifier>
    </Filter>
    <Filter Include="Ext4ExtentRecovery">
      <UniqueIdentifier>{8022cb13-cfed-4022-97f3-cfc3cca7c529}</UniqueIdentifier>
    </Filter>
    <Filter Include="Core\Orbita">
      <UniqueIdentifier>{274a6ae0-20a0-4f5a-b83e-fca4688680d5}</UniqueIdentifier>
    </Filter>
    <Filter Include="Core\Other">
      <UniqueIdentifier>{590a3e8a-4fe0-488f-a429-2bfb249084fd}</UniqueIdentifier>
    </Filter>
    <Filter Include="NTFS">
      <UniqueIdentifier>{b34018a3-5fcd-4181-9cc5-8a5ee862b5da}</UniqueIdentifier>
    </Filter>
    <Filter Include="Core\Hikvision">
      <UniqueIdentifier>{ddc66bb8-6a68-4eb5-9abf-125c3db7c460}</UniqueIdentifier>
    </Filter>
    <Filter Include="Core\G2FDb">
      <UniqueIdentifier>{89a64fc4-037d-40cd-abb5-51aa9a8b8045}</UniqueIdentifier>
    </Filter>
    <Filter Include="h264">
      <UniqueIdentifier>{e006dca7-9c78-44a2-b29b-6da3fb6bbcc5}</UniqueIdentifier>
    </Filter>
    <Filter Include="Core\dcH264">
      <UniqueIdentifier>{2d634ffb-0aad-459f-b3a7-f67fda14955e}</UniqueIdentifier>
    </Filter>
    <Filter Include="Core\WFS">
      <UniqueIdentifier>{b265e5f1-6847-45dd-badb-494390768be8}</UniqueIdentifier>
    </Filter>
    <Filter Include="zfs\test">
      <UniqueIdentifier>{1de86d4d-ecbe-434a-9ca6-5345143489f6}</UniqueIdentifier>
    </Filter>
    <Filter Include="zfs\utils">
      <UniqueIdentifier>{08482626-a950-47bd-bbdb-5c1391ccfbdb}</UniqueIdentifier>
    </Filter>
    <Filter Include="zfs\checksum">
      <UniqueIdentifier>{e6e2a860-75d4-4e73-8384-6ba43cad1a86}</UniqueIdentifier>
    </Filter>
  </ItemGroup>
  <ItemGroup>
    <ClCompile Include="GeneratedFiles\Debug\moc_mainwindow.cpp">
      <Filter>Generated Files\Debug</Filter>
    </ClCompile>
    <ClCompile Include="GeneratedFiles\Release\moc_mainwindow.cpp">
      <Filter>Generated Files\Release</Filter>
    </ClCompile>
    <ClCompile Include="GeneratedFiles\qrc_mainwindow.cpp">
      <Filter>Generated Files</Filter>
    </ClCompile>
    <ClCompile Include="mainwindow.cpp">
      <Filter>GUI</Filter>
    </ClCompile>
    <ClCompile Include="main.cpp" />
    <ClCompile Include="File.cpp">
      <Filter>Utility</Filter>
    </ClCompile>
    <ClCompile Include="BufferedFile.cpp">
      <Filter>Utility</Filter>
    </ClCompile>
    <ClCompile Include="zfs\ZPool.cpp">
      <Filter>zfs</Filter>
    </ClCompile>
    <ClCompile Include="zfs\lzjb.cpp">
      <Filter>zfs\compression</Filter>
    </ClCompile>
    <ClCompile Include="VDev.cpp">
      <Filter>zfs</Filter>
    </ClCompile>
    <ClCompile Include="WFS.cpp">
      <Filter>Core\WFS</Filter>
    </ClCompile>
    <ClCompile Include="WfsScanner.cpp">
      <Filter>Core\WFS</Filter>
    </ClCompile>
    <ClCompile Include="WinConsole.cpp">
      <Filter>Utility</Filter>
    </ClCompile>
    <ClCompile Include="TestWidget.cpp">
      <Filter>GUI</Filter>
    </ClCompile>
    <ClCompile Include="Raid5.cpp">
      <Filter>Utility</Filter>
    </ClCompile>
    <ClCompile Include="DhfsOnDisk.cpp">
      <Filter>Core\DHFS</Filter>
    </ClCompile>
    <ClCompile Include="ExtentRecovery.cpp">
      <Filter>Ext4ExtentRecovery</Filter>
    </ClCompile>
    <ClCompile Include="Orbita.cpp">
      <Filter>Core\Orbita</Filter>
    </ClCompile>
    <ClCompile Include="dvr1.cpp">
      <Filter>Core\Other</Filter>
    </ClCompile>
    <ClCompile Include="FileRecordRecovery.cpp">
      <Filter>NTFS</Filter>
    </ClCompile>
    <ClCompile Include="utility.cpp">
      <Filter>Core</Filter>
    </ClCompile>
    <ClCompile Include="Hikvision.cpp">
      <Filter>Core\Hikvision</Filter>
    </ClCompile>
    <ClCompile Include="G2fdbVolume.cpp">
      <Filter>Core\G2FDb</Filter>
    </ClCompile>
    <ClCompile Include="G2fdbRecovery.cpp">
      <Filter>Core\G2FDb</Filter>
    </ClCompile>
    <ClCompile Include="DhfsVolume.cpp">
      <Filter>Core\DHFS</Filter>
    </ClCompile>
    <ClCompile Include="bitstream_reader.cpp">
      <Filter>Utility</Filter>
    </ClCompile>
    <ClCompile Include="h264_ps.cpp">
      <Filter>h264</Filter>
    </ClCompile>
    <ClCompile Include="DhfsRecovery.cpp">
      <Filter>Core\DHFS</Filter>
    </ClCompile>
    <ClCompile Include="GetWidthheight.cpp">
      <Filter>h264</Filter>
    </ClCompile>
    <ClCompile Include="MyPrintf.cpp" />
    <ClCompile Include="dcH264_OnDisk.cpp">
      <Filter>Core\dcH264</Filter>
    </ClCompile>
    <ClCompile Include="dvr.cpp">
      <Filter>Core</Filter>
    </ClCompile>
    <ClCompile Include="zfs_test.cpp">
      <Filter>zfs\test</Filter>
    </ClCompile>
    <ClCompile Include="nvpair.cpp">
      <Filter>zfs\utils</Filter>
    </ClCompile>
    <ClCompile Include="XdrReader.cpp">
      <Filter>zfs\utils</Filter>
    </ClCompile>
    <ClCompile Include="sha256.cpp">
      <Filter>zfs\checksum</Filter>
    </ClCompile>
    <ClCompile Include="lz4.cpp">
      <Filter>zfs\compression</Filter>
    </ClCompile>
    <ClCompile Include="zap.cpp">
      <Filter>zfs</Filter>
    </ClCompile>
  </ItemGroup>
  <ItemGroup>
    <CustomBuild Include="mainwindow.ui">
      <Filter>GUI\Form Files</Filter>
    </CustomBuild>
    <CustomBuild Include="mainwindow.qrc">
      <Filter>Resource Files</Filter>
    </CustomBuild>
    <CustomBuild Include="mainwindow.h">
      <Filter>GUI</Filter>
    </CustomBuild>
  </ItemGroup>
  <ItemGroup>
    <ClInclude Include="GeneratedFiles\ui_mainwindow.h">
      <Filter>Generated Files</Filter>
    </ClInclude>
    <ClInclude Include="File.h">
      <Filter>Utility</Filter>
    </ClInclude>
    <ClInclude Include="BufferedFile.h">
      <Filter>Utility</Filter>
    </ClInclude>
    <ClInclude Include="zfs\lzjb.h">
      <Filter>zfs\compression</Filter>
    </ClInclude>
    <ClInclude Include="zfs\zfs.h">
      <Filter>zfs</Filter>
    </ClInclude>
    <ClInclude Include="zfs\zfs_type.h">
      <Filter>zfs</Filter>
    </ClInclude>
    <ClInclude Include="zfs\ZPool.h">
      <Filter>zfs</Filter>
    </ClInclude>
    <ClInclude Include="VDev.h">
      <Filter>zfs</Filter>
    </ClInclude>
    <ClInclude Include="WFS.h">
      <Filter>Core\WFS</Filter>
    </ClInclude>
    <ClInclude Include="WfsOnDisk.h">
      <Filter>Core\WFS</Filter>
    </ClInclude>
    <ClInclude Include="WfsScanner.h">
      <Filter>Core\WFS</Filter>
    </ClInclude>
    <ClInclude Include="WinConsole.h">
      <Filter>Utility</Filter>
    </ClInclude>
    <ClInclude Include="TestWidget.h">
      <Filter>GUI</Filter>
    </ClInclude>
    <ClInclude Include="Raid5.h">
      <Filter>Utility</Filter>
    </ClInclude>
    <ClInclude Include="DhfsOnDisk.h">
      <Filter>Core\DHFS</Filter>
    </ClInclude>
    <ClInclude Include="ExtentRecovery.h">
      <Filter>Ext4ExtentRecovery</Filter>
    </ClInclude>
    <ClInclude Include="Orbita.h">
      <Filter>Core\Orbita</Filter>
    </ClInclude>
    <ClInclude Include="dvr1.h">
      <Filter>Core\Other</Filter>
    </ClInclude>
    <ClInclude Include="Ntfs.h">
      <Filter>NTFS</Filter>
    </ClInclude>
    <ClInclude Include="FileRecordRecovery.h">
      <Filter>NTFS</Filter>
    </ClInclude>
    <ClInclude Include="utility.h">
      <Filter>Core</Filter>
    </ClInclude>
    <ClInclude Include="Hikvision.h">
      <Filter>Core\Hikvision</Filter>
    </ClInclude>
    <ClInclude Include="G2fdbVolume.h">
      <Filter>Core\G2FDb</Filter>
    </ClInclude>
    <ClInclude Include="G2fdbOnDisk.h">
      <Filter>Core\G2FDb</Filter>
    </ClInclude>
    <ClInclude Include="G2fdbRecovery.h">
      <Filter>Core\G2FDb</Filter>
    </ClInclude>
    <ClInclude Include="DhfsVolume.h">
      <Filter>Core\DHFS</Filter>
    </ClInclude>
    <ClInclude Include="bitstream_reader.h">
      <Filter>Utility</Filter>
    </ClInclude>
    <ClInclude Include="h264_ps.h">
      <Filter>h264</Filter>
    </ClInclude>
    <ClInclude Include="DhfsRecovery.h">
      <Filter>Core\DHFS</Filter>
    </ClInclude>
    <ClInclude Include="GetWidthheight.h">
      <Filter>h264</Filter>
    </ClInclude>
    <ClInclude Include="MyPrintf.h" />
    <ClInclude Include="dcH264_OnDisk.h">
      <Filter>Core\dcH264</Filter>
    </ClInclude>
    <ClInclude Include="dvr.h">
      <Filter>Core</Filter>
    </ClInclude>
    <ClInclude Include="zfs_test.h">
      <Filter>zfs\test</Filter>
    </ClInclude>
    <ClInclude Include="nvpair.h">
      <Filter>zfs\utils</Filter>
    </ClInclude>
    <ClInclude Include="XdrReader.h">
      <Filter>zfs\utils</Filter>
    </ClInclude>
    <ClInclude Include="sha256.h">
      <Filter>zfs\checksum</Filter>
    </ClInclude>
    <ClInclude Include="lz4.h">
      <Filter>zfs\compression</Filter>
    </ClInclude>
    <ClInclude Include="dmu.h">
      <Filter>zfs</Filter>
    </ClInclude>
    <ClInclude Include="dsl.h">
      <Filter>zfs</Filter>
    </ClInclude>
    <ClInclude Include="zap.h">
      <Filter>zfs</Filter>
    </ClInclude>
  </ItemGroup>
  <ItemGroup>
    <ResourceCompile Include="DVR.rc" />
  </ItemGroup>
</Project>