<?xml version="1.0" encoding="utf-8"?>
<Project ToolsVersion="4.0" xmlns="http://schemas.microsoft.com/developer/msbuild/2003">
  <ItemGroup>
    <Filter Include="Service">
      <UniqueIdentifier>{afd5e25b-1cfc-4c41-9610-9cd26b9ff022}</UniqueIdentifier>
    </Filter>
    <Filter Include="Other">
      <UniqueIdentifier>{c8119029-4faa-4e17-9b31-956ab18758f8}</UniqueIdentifier>
    </Filter>
    <Filter Include="Utility">
      <UniqueIdentifier>{3183a9d3-61d2-4ce7-ae24-48f07ea8eb2d}</UniqueIdentifier>
    </Filter>
  </ItemGroup>
  <ItemGroup>
    <ClInclude Include="SCManager.h">
      <Filter>Service</Filter>
    </ClInclude>
    <ClInclude Include="stdafx.h">
      <Filter>Other</Filter>
    </ClInclude>
    <ClInclude Include="targetver.h">
      <Filter>Other</Filter>
    </ClInclude>
    <ClInclude Include="WinConsole.h">
      <Filter>Utility</Filter>
    </ClInclude>
    <ClInclude Include="MyError.h">
      <Filter>Utility</Filter>
    </ClInclude>
  </ItemGroup>
  <ItemGroup>
    <ClCompile Include="SCManager.cpp">
      <Filter>Service</Filter>
    </ClCompile>
    <ClCompile Include="main.cpp" />
    <ClCompile Include="stdafx.cpp">
      <Filter>Other</Filter>
    </ClCompile>
    <ClCompile Include="WinConsole.cpp">
      <Filter>Utility</Filter>
    </ClCompile>
    <ClCompile Include="MyError.cpp">
      <Filter>Utility</Filter>
    </ClCompile>
  </ItemGroup>
</Project>