<?xml version="1.0" encoding="utf-8"?>
<Project ToolsVersion="4.0" xmlns="http://schemas.microsoft.com/developer/msbuild/2003">
  <ItemGroup>
    <Filter Include="Resource Files">
      <UniqueIdentifier>{D9D6E242-F8AF-46E4-B9FD-80ECBC20BA3E}</UniqueIdentifier>
      <Extensions>qrc;*</Extensions>
      <ParseFiles>false</ParseFiles>
    </Filter>
    <Filter Include="Generated Files">
      <UniqueIdentifier>{71ED8ED8-ACB9-4CE9-BBE1-E00B30144E11}</UniqueIdentifier>
      <Extensions>moc;h;cpp</Extensions>
      <SourceControlFiles>False</SourceControlFiles>
    </Filter>
    <Filter Include="Generated Files\Debug">
      <UniqueIdentifier>{8d068087-cb32-4bc4-9883-f49562257503}</UniqueIdentifier>
      <Extensions>cpp;moc</Extensions>
      <SourceControlFiles>False</SourceControlFiles>
    </Filter>
    <Filter Include="Generated Files\Release">
      <UniqueIdentifier>{dae48c27-c2f7-42de-beeb-b299521dd427}</UniqueIdentifier>
      <Extensions>cpp;moc</Extensions>
      <SourceControlFiles>False</SourceControlFiles>
    </Filter>
    <Filter Include="GUI">
      <UniqueIdentifier>{204ddd6e-3e5d-448c-ad62-a4ce0ca3e889}</UniqueIdentifier>
    </Filter>
    <Filter Include="GUI\Forms">
      <UniqueIdentifier>{99349809-55BA-4b9d-BF79-8FDBB0286EB3}</UniqueIdentifier>
      <Extensions>ui</Extensions>
    </Filter>
    <Filter Include="Core">
      <UniqueIdentifier>{e0047e7c-0f85-418c-b0a0-4125c34af422}</UniqueIdentifier>
    </Filter>
    <Filter Include="FWriter">
      <UniqueIdentifier>{af692074-1037-48ba-9e10-c502500f836a}</UniqueIdentifier>
    </Filter>
    <Filter Include="DirectShow">
      <UniqueIdentifier>{9a7f3d5d-101f-40b7-87e1-2042594db164}</UniqueIdentifier>
    </Filter>
  </ItemGroup>
  <ItemGroup>
    <ClCompile Include="GeneratedFiles\qrc_mainwindow.cpp">
      <Filter>Generated Files</Filter>
    </ClCompile>
    <ClCompile Include="main.cpp" />
    <ClCompile Include="WinDevicesManager.cpp">
      <Filter>Core</Filter>
    </ClCompile>
    <ClCompile Include="GeneratedFiles\Debug\moc_WriterWindow.cpp">
      <Filter>Generated Files\Debug</Filter>
    </ClCompile>
    <ClCompile Include="GeneratedFiles\Release\moc_WriterWindow.cpp">
      <Filter>Generated Files\Release</Filter>
    </ClCompile>
    <ClCompile Include="Template.cpp">
      <Filter>Core</Filter>
    </ClCompile>
    <ClCompile Include="Task.cpp">
      <Filter>Core</Filter>
    </ClCompile>
    <ClCompile Include="WriterWindow.cpp">
      <Filter>FWriter</Filter>
    </ClCompile>
    <ClCompile Include="ControlUnit.cpp">
      <Filter>Core</Filter>
    </ClCompile>
    <ClCompile Include="GUI\NewTaskDialog.cpp">
      <Filter>GUI</Filter>
    </ClCompile>
    <ClCompile Include="GeneratedFiles\Debug\moc_NewTaskDialog.cpp">
      <Filter>Generated Files\Debug</Filter>
    </ClCompile>
    <ClCompile Include="GeneratedFiles\Release\moc_NewTaskDialog.cpp">
      <Filter>Generated Files\Release</Filter>
    </ClCompile>
    <ClCompile Include="MainWindow.cpp">
      <Filter>GUI</Filter>
    </ClCompile>
    <ClCompile Include="GeneratedFiles\Debug\moc_MainWindow.cpp">
      <Filter>Generated Files\Debug</Filter>
    </ClCompile>
    <ClCompile Include="GeneratedFiles\Release\moc_MainWindow.cpp">
      <Filter>Generated Files\Release</Filter>
    </ClCompile>
    <ClCompile Include="DirectShow.cpp">
      <Filter>DirectShow</Filter>
    </ClCompile>
    <ClCompile Include="global.cpp">
      <Filter>Core</Filter>
    </ClCompile>
  </ItemGroup>
  <ItemGroup>
    <CustomBuild Include="mainwindow.qrc">
      <Filter>Resource Files</Filter>
    </CustomBuild>
    <CustomBuild Include="Forms\MainWindow.ui">
      <Filter>GUI\Forms</Filter>
    </CustomBuild>
    <CustomBuild Include="WriterWindow.ui">
      <Filter>GUI\Forms</Filter>
    </CustomBuild>
    <CustomBuild Include="WriterWindow.h">
      <Filter>FWriter</Filter>
    </CustomBuild>
    <CustomBuild Include="Forms\NewTaskDialog.ui">
      <Filter>GUI\Forms</Filter>
    </CustomBuild>
    <CustomBuild Include="GUI\NewTaskDialog.h">
      <Filter>GUI</Filter>
    </CustomBuild>
    <CustomBuild Include="MainWindow.h">
      <Filter>GUI</Filter>
    </CustomBuild>
  </ItemGroup>
  <ItemGroup>
    <ClInclude Include="GeneratedFiles\ui_MainWindow.h">
      <Filter>Generated Files</Filter>
    </ClInclude>
    <ClInclude Include="WinDevicesManager.h">
      <Filter>Core</Filter>
    </ClInclude>
    <ClInclude Include="GeneratedFiles\ui_WriterWindow.h">
      <Filter>Generated Files</Filter>
    </ClInclude>
    <ClInclude Include="resource.h">
      <Filter>Generated Files</Filter>
    </ClInclude>
    <ClInclude Include="Template.h">
      <Filter>Core</Filter>
    </ClInclude>
    <ClInclude Include="Task.h">
      <Filter>Core</Filter>
    </ClInclude>
    <ClInclude Include="ControlUnit.h">
      <Filter>Core</Filter>
    </ClInclude>
    <ClInclude Include="GeneratedFiles\ui_NewTaskDialog.h">
      <Filter>Generated Files</Filter>
    </ClInclude>
    <ClInclude Include="DirectShow.h">
      <Filter>DirectShow</Filter>
    </ClInclude>
    <ClInclude Include="global.h">
      <Filter>Core</Filter>
    </ClInclude>
  </ItemGroup>
  <ItemGroup>
    <ResourceCompile Include="ImageCapture.rc">
      <Filter>Resource Files</Filter>
    </ResourceCompile>
  </ItemGroup>
</Project>