<?xml version="1.0" encoding="utf-8"?>
<Project ToolsVersion="4.0" xmlns="http://schemas.microsoft.com/developer/msbuild/2003">
  <ItemGroup>
    <Filter Include="Form Files">
      <UniqueIdentifier>{99349809-55BA-4b9d-BF79-8FDBB0286EB3}</UniqueIdentifier>
      <Extensions>ui</Extensions>
    </Filter>
    <Filter Include="Resource Files">
      <UniqueIdentifier>{D9D6E242-F8AF-46E4-B9FD-80ECBC20BA3E}</UniqueIdentifier>
      <Extensions>qrc;*</Extensions>
      <ParseFiles>false</ParseFiles>
    </Filter>
    <Filter Include="Generated Files">
      <UniqueIdentifier>{71ED8ED8-ACB9-4CE9-BBE1-E00B30144E11}</UniqueIdentifier>
      <Extensions>moc;h;cpp</Extensions>
      <SourceControlFiles>False</SourceControlFiles>
    </Filter>
    <Filter Include="Generated Files\Debug">
      <UniqueIdentifier>{33ed9505-7d4d-45d9-aad2-ced0ff23d621}</UniqueIdentifier>
      <Extensions>cpp;moc</Extensions>
      <SourceControlFiles>False</SourceControlFiles>
    </Filter>
    <Filter Include="Generated Files\Release">
      <UniqueIdentifier>{d49981d8-1c8d-4407-95dc-27ac3ee72cbe}</UniqueIdentifier>
      <Extensions>cpp;moc</Extensions>
      <SourceControlFiles>False</SourceControlFiles>
    </Filter>
    <Filter Include="Core">
      <UniqueIdentifier>{124826b6-d849-4402-8a3c-2e8d6870663c}</UniqueIdentifier>
    </Filter>
    <Filter Include="GUI">
      <UniqueIdentifier>{62ff20af-474f-41c8-a30e-59e8c9a2a15d}</UniqueIdentifier>
    </Filter>
    <Filter Include="W32Lib">
      <UniqueIdentifier>{04d130ba-cdb7-4233-82a2-7ee0bb8164fe}</UniqueIdentifier>
    </Filter>
  </ItemGroup>
  <ItemGroup>
    <ClCompile Include="GeneratedFiles\qrc_signaturemaper.cpp">
      <Filter>Generated Files</Filter>
    </ClCompile>
    <ClCompile Include="main.cpp" />
    <ClCompile Include="MainWindow.cpp">
      <Filter>GUI</Filter>
    </ClCompile>
    <ClCompile Include="GeneratedFiles\Debug\moc_MainWindow.cpp">
      <Filter>Generated Files\Debug</Filter>
    </ClCompile>
    <ClCompile Include="GeneratedFiles\Release\moc_MainWindow.cpp">
      <Filter>Generated Files\Release</Filter>
    </ClCompile>
    <ClCompile Include="Signature.cpp">
      <Filter>Core</Filter>
    </ClCompile>
    <ClCompile Include="File.cpp">
      <Filter>W32Lib</Filter>
    </ClCompile>
    <ClCompile Include="PhysicalDrive.cpp">
      <Filter>W32Lib</Filter>
    </ClCompile>
  </ItemGroup>
  <ItemGroup>
    <CustomBuild Include="signaturemaper.ui">
      <Filter>Form Files</Filter>
    </CustomBuild>
    <CustomBuild Include="signaturemaper.qrc">
      <Filter>Resource Files</Filter>
    </CustomBuild>
    <CustomBuild Include="MainWindow.h">
      <Filter>GUI</Filter>
    </CustomBuild>
  </ItemGroup>
  <ItemGroup>
    <ClInclude Include="GeneratedFiles\ui_signaturemaper.h">
      <Filter>Generated Files</Filter>
    </ClInclude>
    <ClInclude Include="Signature.h">
      <Filter>Core</Filter>
    </ClInclude>
    <ClInclude Include="File.h">
      <Filter>W32Lib</Filter>
    </ClInclude>
    <ClInclude Include="PhysicalDrive.h">
      <Filter>W32Lib</Filter>
    </ClInclude>
  </ItemGroup>
</Project>