Microsoft Visual Studio Solution File, Format Version 10.00
# Visual Studio 2008
Project("{8BC9CEB8-8B4A-11D0-8D11-00A0C91BC942}") = "ALL_BUILD", ".\ALL_BUILD.vcproj", "{1B7597D7-A152-4F35-86DB-BB3A98387D8A}"
	ProjectSection(ProjectDependencies) = postProject
		{9EFC97D8-2CE8-4463-A1F0-5687C218BF4C} = {9EFC97D8-2CE8-4463-A1F0-5687C218BF4C}
		{734680F9-929E-4AAF-98D2-8D1422C78ABA} = {734680F9-929E-4AAF-98D2-8D1422C78ABA}
		{EE51BA97-A196-4F27-9121-51BBE43FD04D} = {EE51BA97-A196-4F27-9121-51BBE43FD04D}
		{A56C29B5-8B54-4175-B148-D19203965F18} = {A56C29B5-8B54-4175-B148-D19203965F18}
		{D5B9DBDB-CC43-4AFA-A816-CD1B2E865D82} = {D5B9DBDB-CC43-4AFA-A816-CD1B2E865D82}
		{E05B1E1C-E0F4-446F-9EF8-F9FD777EA39F} = {E05B1E1C-E0F4-446F-9EF8-F9FD777EA39F}
		{5F281A14-A6C0-4148-8BD7-87BADEF46794} = {5F281A14-A6C0-4148-8BD7-87BADEF46794}
		{BF54CEE2-8FAC-4955-908A-375D3FA15CEE} = {BF54CEE2-8FAC-4955-908A-375D3FA15CEE}
		{47B3A59F-965D-4B9F-B8ED-3B40BCD31DD4} = {47B3A59F-965D-4B9F-B8ED-3B40BCD31DD4}
		{9F331E12-A5BC-486C-9084-B8FFDF5D4309} = {9F331E12-A5BC-486C-9084-B8FFDF5D4309}
		{43395EE5-06EF-471F-81C6-6BBEE1AE16D3} = {43395EE5-06EF-471F-81C6-6BBEE1AE16D3}
		{1C4E4AB6-1315-48C3-ACAA-672FA4D596C0} = {1C4E4AB6-1315-48C3-ACAA-672FA4D596C0}
		{D49A6FA7-0A45-4C11-A6B3-6A3CEF4C531C} = {D49A6FA7-0A45-4C11-A6B3-6A3CEF4C531C}
		{2141CF93-AB87-41B7-8283-E90364751E03} = {2141CF93-AB87-41B7-8283-E90364751E03}
		{FADA31A6-3910-4B6C-BCAB-43BF165AD53F} = {FADA31A6-3910-4B6C-BCAB-43BF165AD53F}
		{2E05E7EA-F44C-4A5C-873C-2A5B5502DE23} = {2E05E7EA-F44C-4A5C-873C-2A5B5502DE23}
		{673919A3-BDF8-4A08-B5AB-A6D15C3411A8} = {673919A3-BDF8-4A08-B5AB-A6D15C3411A8}
		{0ECB88C6-51B5-457D-ADE2-03D6EDB24C60} = {0ECB88C6-51B5-457D-ADE2-03D6EDB24C60}
		{3D2D247E-4B2F-4735-A0E5-1DD9BA02F671} = {3D2D247E-4B2F-4735-A0E5-1DD9BA02F671}
		{2D03AEF1-3A6D-41E6-B6EE-6A9ECD9CDE15} = {2D03AEF1-3A6D-41E6-B6EE-6A9ECD9CDE15}
		{3E1BB461-6F42-4F36-A5C5-331B19B7DF4A} = {3E1BB461-6F42-4F36-A5C5-331B19B7DF4A}
		{D0DB2AC3-3D0B-409A-845E-A6861A413374} = {D0DB2AC3-3D0B-409A-845E-A6861A413374}
		{BADBD3F2-913D-42A9-902F-14EFB51DE9BE} = {BADBD3F2-913D-42A9-902F-14EFB51DE9BE}
		{39E3FF75-7936-49E0-A1B4-EDF33EF28A2E} = {39E3FF75-7936-49E0-A1B4-EDF33EF28A2E}
		{9F98B62E-3729-49A2-B5B3-8BCC1F34316A} = {9F98B62E-3729-49A2-B5B3-8BCC1F34316A}
		{CEB714DA-A534-41C0-A8A7-8002F6FC302C} = {CEB714DA-A534-41C0-A8A7-8002F6FC302C}
		{A030982A-9F76-4AB3-A685-DBC4148A9F27} = {A030982A-9F76-4AB3-A685-DBC4148A9F27}
		{8EC87565-1439-475A-A27C-19B011E41A7C} = {8EC87565-1439-475A-A27C-19B011E41A7C}
		{A709B9FB-4B7E-43BA-B09C-2FC0BE1BC9BE} = {A709B9FB-4B7E-43BA-B09C-2FC0BE1BC9BE}
		{A0C3FDF1-86AF-4540-8A38-A005524CB5F0} = {A0C3FDF1-86AF-4540-8A38-A005524CB5F0}
		{9D2D0527-C8A5-49F4-81E7-FC34390F5B3E} = {9D2D0527-C8A5-49F4-81E7-FC34390F5B3E}
		{FC89F6A3-99C1-4985-AD00-1CF4B4AB4849} = {FC89F6A3-99C1-4985-AD00-1CF4B4AB4849}
	EndProjectSection
EndProject
Project("{8BC9CEB8-8B4A-11D0-8D11-00A0C91BC942}") = "ZERO_CHECK", ".\ZERO_CHECK.vcproj", "{FC89F6A3-99C1-4985-AD00-1CF4B4AB4849}"
	ProjectSection(ProjectDependencies) = postProject
	EndProjectSection
EndProject
Project("{8BC9CEB8-8B4A-11D0-8D11-00A0C91BC942}") = "mysqlcppconn-static", "driver\mysqlcppconn-static.vcproj", "{9EFC97D8-2CE8-4463-A1F0-5687C218BF4C}"
	ProjectSection(ProjectDependencies) = postProject
		{FC89F6A3-99C1-4985-AD00-1CF4B4AB4849} = {FC89F6A3-99C1-4985-AD00-1CF4B4AB4849}
	EndProjectSection
EndProject
Project("{8BC9CEB8-8B4A-11D0-8D11-00A0C91BC942}") = "mysqlcppconn", "driver\mysqlcppconn.vcproj", "{734680F9-929E-4AAF-98D2-8D1422C78ABA}"
	ProjectSection(ProjectDependencies) = postProject
		{FC89F6A3-99C1-4985-AD00-1CF4B4AB4849} = {FC89F6A3-99C1-4985-AD00-1CF4B4AB4849}
	EndProjectSection
EndProject
Project("{8BC9CEB8-8B4A-11D0-8D11-00A0C91BC942}") = "statement", "examples\statement.vcproj", "{EE51BA97-A196-4F27-9121-51BBE43FD04D}"
	ProjectSection(ProjectDependencies) = postProject
		{734680F9-929E-4AAF-98D2-8D1422C78ABA} = {734680F9-929E-4AAF-98D2-8D1422C78ABA}
		{FC89F6A3-99C1-4985-AD00-1CF4B4AB4849} = {FC89F6A3-99C1-4985-AD00-1CF4B4AB4849}
	EndProjectSection
EndProject
Project("{8BC9CEB8-8B4A-11D0-8D11-00A0C91BC942}") = "connect", "examples\connect.vcproj", "{A56C29B5-8B54-4175-B148-D19203965F18}"
	ProjectSection(ProjectDependencies) = postProject
		{734680F9-929E-4AAF-98D2-8D1422C78ABA} = {734680F9-929E-4AAF-98D2-8D1422C78ABA}
		{FC89F6A3-99C1-4985-AD00-1CF4B4AB4849} = {FC89F6A3-99C1-4985-AD00-1CF4B4AB4849}
	EndProjectSection
EndProject
Project("{8BC9CEB8-8B4A-11D0-8D11-00A0C91BC942}") = "connection_meta_schemaobj", "examples\connection_meta_schemaobj.vcproj", "{D5B9DBDB-CC43-4AFA-A816-CD1B2E865D82}"
	ProjectSection(ProjectDependencies) = postProject
		{734680F9-929E-4AAF-98D2-8D1422C78ABA} = {734680F9-929E-4AAF-98D2-8D1422C78ABA}
		{FC89F6A3-99C1-4985-AD00-1CF4B4AB4849} = {FC89F6A3-99C1-4985-AD00-1CF4B4AB4849}
	EndProjectSection
EndProject
Project("{8BC9CEB8-8B4A-11D0-8D11-00A0C91BC942}") = "resultset", "examples\resultset.vcproj", "{E05B1E1C-E0F4-446F-9EF8-F9FD777EA39F}"
	ProjectSection(ProjectDependencies) = postProject
		{734680F9-929E-4AAF-98D2-8D1422C78ABA} = {734680F9-929E-4AAF-98D2-8D1422C78ABA}
		{FC89F6A3-99C1-4985-AD00-1CF4B4AB4849} = {FC89F6A3-99C1-4985-AD00-1CF4B4AB4849}
	EndProjectSection
EndProject
Project("{8BC9CEB8-8B4A-11D0-8D11-00A0C91BC942}") = "resultset_binary", "examples\resultset_binary.vcproj", "{5F281A14-A6C0-4148-8BD7-87BADEF46794}"
	ProjectSection(ProjectDependencies) = postProject
		{734680F9-929E-4AAF-98D2-8D1422C78ABA} = {734680F9-929E-4AAF-98D2-8D1422C78ABA}
		{FC89F6A3-99C1-4985-AD00-1CF4B4AB4849} = {FC89F6A3-99C1-4985-AD00-1CF4B4AB4849}
	EndProjectSection
EndProject
Project("{8BC9CEB8-8B4A-11D0-8D11-00A0C91BC942}") = "resultset_types", "examples\resultset_types.vcproj", "{BF54CEE2-8FAC-4955-908A-375D3FA15CEE}"
	ProjectSection(ProjectDependencies) = postProject
		{734680F9-929E-4AAF-98D2-8D1422C78ABA} = {734680F9-929E-4AAF-98D2-8D1422C78ABA}
		{FC89F6A3-99C1-4985-AD00-1CF4B4AB4849} = {FC89F6A3-99C1-4985-AD00-1CF4B4AB4849}
	EndProjectSection
EndProject
Project("{8BC9CEB8-8B4A-11D0-8D11-00A0C91BC942}") = "exceptions", "examples\exceptions.vcproj", "{47B3A59F-965D-4B9F-B8ED-3B40BCD31DD4}"
	ProjectSection(ProjectDependencies) = postProject
		{734680F9-929E-4AAF-98D2-8D1422C78ABA} = {734680F9-929E-4AAF-98D2-8D1422C78ABA}
		{FC89F6A3-99C1-4985-AD00-1CF4B4AB4849} = {FC89F6A3-99C1-4985-AD00-1CF4B4AB4849}
	EndProjectSection
EndProject
Project("{8BC9CEB8-8B4A-11D0-8D11-00A0C91BC942}") = "static_test", "test\static_test.vcproj", "{9F331E12-A5BC-486C-9084-B8FFDF5D4309}"
	ProjectSection(ProjectDependencies) = postProject
		{734680F9-929E-4AAF-98D2-8D1422C78ABA} = {734680F9-929E-4AAF-98D2-8D1422C78ABA}
		{FC89F6A3-99C1-4985-AD00-1CF4B4AB4849} = {FC89F6A3-99C1-4985-AD00-1CF4B4AB4849}
	EndProjectSection
EndProject
Project("{8BC9CEB8-8B4A-11D0-8D11-00A0C91BC942}") = "resultset_meta", "examples\resultset_meta.vcproj", "{43395EE5-06EF-471F-81C6-6BBEE1AE16D3}"
	ProjectSection(ProjectDependencies) = postProject
		{734680F9-929E-4AAF-98D2-8D1422C78ABA} = {734680F9-929E-4AAF-98D2-8D1422C78ABA}
		{FC89F6A3-99C1-4985-AD00-1CF4B4AB4849} = {FC89F6A3-99C1-4985-AD00-1CF4B4AB4849}
	EndProjectSection
EndProject
Project("{8BC9CEB8-8B4A-11D0-8D11-00A0C91BC942}") = "dynamic_load", "examples\dynamic_load.vcproj", "{1C4E4AB6-1315-48C3-ACAA-672FA4D596C0}"
	ProjectSection(ProjectDependencies) = postProject
		{734680F9-929E-4AAF-98D2-8D1422C78ABA} = {734680F9-929E-4AAF-98D2-8D1422C78ABA}
		{FC89F6A3-99C1-4985-AD00-1CF4B4AB4849} = {FC89F6A3-99C1-4985-AD00-1CF4B4AB4849}
	EndProjectSection
EndProject
Project("{8BC9CEB8-8B4A-11D0-8D11-00A0C91BC942}") = "prepared_statement", "examples\prepared_statement.vcproj", "{D49A6FA7-0A45-4C11-A6B3-6A3CEF4C531C}"
	ProjectSection(ProjectDependencies) = postProject
		{734680F9-929E-4AAF-98D2-8D1422C78ABA} = {734680F9-929E-4AAF-98D2-8D1422C78ABA}
		{FC89F6A3-99C1-4985-AD00-1CF4B4AB4849} = {FC89F6A3-99C1-4985-AD00-1CF4B4AB4849}
	EndProjectSection
EndProject
Project("{8BC9CEB8-8B4A-11D0-8D11-00A0C91BC942}") = "debug_output", "examples\debug_output.vcproj", "{2141CF93-AB87-41B7-8283-E90364751E03}"
	ProjectSection(ProjectDependencies) = postProject
		{734680F9-929E-4AAF-98D2-8D1422C78ABA} = {734680F9-929E-4AAF-98D2-8D1422C78ABA}
		{FC89F6A3-99C1-4985-AD00-1CF4B4AB4849} = {FC89F6A3-99C1-4985-AD00-1CF4B4AB4849}
	EndProjectSection
EndProject
Project("{8BC9CEB8-8B4A-11D0-8D11-00A0C91BC942}") = "test_framework", "test\framework\test_framework.vcproj", "{FADA31A6-3910-4B6C-BCAB-43BF165AD53F}"
	ProjectSection(ProjectDependencies) = postProject
		{FC89F6A3-99C1-4985-AD00-1CF4B4AB4849} = {FC89F6A3-99C1-4985-AD00-1CF4B4AB4849}
	EndProjectSection
EndProject
Project("{8BC9CEB8-8B4A-11D0-8D11-00A0C91BC942}") = "driver_test", "test\driver_test.vcproj", "{2E05E7EA-F44C-4A5C-873C-2A5B5502DE23}"
	ProjectSection(ProjectDependencies) = postProject
		{734680F9-929E-4AAF-98D2-8D1422C78ABA} = {734680F9-929E-4AAF-98D2-8D1422C78ABA}
		{FC89F6A3-99C1-4985-AD00-1CF4B4AB4849} = {FC89F6A3-99C1-4985-AD00-1CF4B4AB4849}
	EndProjectSection
EndProject
Project("{8BC9CEB8-8B4A-11D0-8D11-00A0C91BC942}") = "CJUnitTestsPort", "test\CJUnitTestsPort\CJUnitTestsPort.vcproj", "{673919A3-BDF8-4A08-B5AB-A6D15C3411A8}"
	ProjectSection(ProjectDependencies) = postProject
		{734680F9-929E-4AAF-98D2-8D1422C78ABA} = {734680F9-929E-4AAF-98D2-8D1422C78ABA}
		{FADA31A6-3910-4B6C-BCAB-43BF165AD53F} = {FADA31A6-3910-4B6C-BCAB-43BF165AD53F}
		{FC89F6A3-99C1-4985-AD00-1CF4B4AB4849} = {FC89F6A3-99C1-4985-AD00-1CF4B4AB4849}
	EndProjectSection
EndProject
Project("{8BC9CEB8-8B4A-11D0-8D11-00A0C91BC942}") = "example", "test\unit\example\example.vcproj", "{0ECB88C6-51B5-457D-ADE2-03D6EDB24C60}"
	ProjectSection(ProjectDependencies) = postProject
		{734680F9-929E-4AAF-98D2-8D1422C78ABA} = {734680F9-929E-4AAF-98D2-8D1422C78ABA}
		{FADA31A6-3910-4B6C-BCAB-43BF165AD53F} = {FADA31A6-3910-4B6C-BCAB-43BF165AD53F}
		{FC89F6A3-99C1-4985-AD00-1CF4B4AB4849} = {FC89F6A3-99C1-4985-AD00-1CF4B4AB4849}
	EndProjectSection
EndProject
Project("{8BC9CEB8-8B4A-11D0-8D11-00A0C91BC942}") = "test_resultset", "test\unit\classes\test_resultset.vcproj", "{3D2D247E-4B2F-4735-A0E5-1DD9BA02F671}"
	ProjectSection(ProjectDependencies) = postProject
		{734680F9-929E-4AAF-98D2-8D1422C78ABA} = {734680F9-929E-4AAF-98D2-8D1422C78ABA}
		{FADA31A6-3910-4B6C-BCAB-43BF165AD53F} = {FADA31A6-3910-4B6C-BCAB-43BF165AD53F}
		{FC89F6A3-99C1-4985-AD00-1CF4B4AB4849} = {FC89F6A3-99C1-4985-AD00-1CF4B4AB4849}
	EndProjectSection
EndProject
Project("{8BC9CEB8-8B4A-11D0-8D11-00A0C91BC942}") = "test_preparedstatement", "test\unit\classes\test_preparedstatement.vcproj", "{2D03AEF1-3A6D-41E6-B6EE-6A9ECD9CDE15}"
	ProjectSection(ProjectDependencies) = postProject
		{734680F9-929E-4AAF-98D2-8D1422C78ABA} = {734680F9-929E-4AAF-98D2-8D1422C78ABA}
		{FADA31A6-3910-4B6C-BCAB-43BF165AD53F} = {FADA31A6-3910-4B6C-BCAB-43BF165AD53F}
		{FC89F6A3-99C1-4985-AD00-1CF4B4AB4849} = {FC89F6A3-99C1-4985-AD00-1CF4B4AB4849}
	EndProjectSection
EndProject
Project("{8BC9CEB8-8B4A-11D0-8D11-00A0C91BC942}") = "test_parametermetadata", "test\unit\classes\test_parametermetadata.vcproj", "{3E1BB461-6F42-4F36-A5C5-331B19B7DF4A}"
	ProjectSection(ProjectDependencies) = postProject
		{734680F9-929E-4AAF-98D2-8D1422C78ABA} = {734680F9-929E-4AAF-98D2-8D1422C78ABA}
		{FADA31A6-3910-4B6C-BCAB-43BF165AD53F} = {FADA31A6-3910-4B6C-BCAB-43BF165AD53F}
		{FC89F6A3-99C1-4985-AD00-1CF4B4AB4849} = {FC89F6A3-99C1-4985-AD00-1CF4B4AB4849}
	EndProjectSection
EndProject
Project("{8BC9CEB8-8B4A-11D0-8D11-00A0C91BC942}") = "test_art_resultset", "test\unit\classes\test_art_resultset.vcproj", "{D0DB2AC3-3D0B-409A-845E-A6861A413374}"
	ProjectSection(ProjectDependencies) = postProject
		{9EFC97D8-2CE8-4463-A1F0-5687C218BF4C} = {9EFC97D8-2CE8-4463-A1F0-5687C218BF4C}
		{FADA31A6-3910-4B6C-BCAB-43BF165AD53F} = {FADA31A6-3910-4B6C-BCAB-43BF165AD53F}
		{FC89F6A3-99C1-4985-AD00-1CF4B4AB4849} = {FC89F6A3-99C1-4985-AD00-1CF4B4AB4849}
	EndProjectSection
EndProject
Project("{8BC9CEB8-8B4A-11D0-8D11-00A0C91BC942}") = "test_resultsetmetadata", "test\unit\classes\test_resultsetmetadata.vcproj", "{BADBD3F2-913D-42A9-902F-14EFB51DE9BE}"
	ProjectSection(ProjectDependencies) = postProject
		{734680F9-929E-4AAF-98D2-8D1422C78ABA} = {734680F9-929E-4AAF-98D2-8D1422C78ABA}
		{FADA31A6-3910-4B6C-BCAB-43BF165AD53F} = {FADA31A6-3910-4B6C-BCAB-43BF165AD53F}
		{FC89F6A3-99C1-4985-AD00-1CF4B4AB4849} = {FC89F6A3-99C1-4985-AD00-1CF4B4AB4849}
	EndProjectSection
EndProject
Project("{8BC9CEB8-8B4A-11D0-8D11-00A0C91BC942}") = "test_databasemetadata", "test\unit\classes\test_databasemetadata.vcproj", "{39E3FF75-7936-49E0-A1B4-EDF33EF28A2E}"
	ProjectSection(ProjectDependencies) = postProject
		{734680F9-929E-4AAF-98D2-8D1422C78ABA} = {734680F9-929E-4AAF-98D2-8D1422C78ABA}
		{FADA31A6-3910-4B6C-BCAB-43BF165AD53F} = {FADA31A6-3910-4B6C-BCAB-43BF165AD53F}
		{FC89F6A3-99C1-4985-AD00-1CF4B4AB4849} = {FC89F6A3-99C1-4985-AD00-1CF4B4AB4849}
	EndProjectSection
EndProject
Project("{8BC9CEB8-8B4A-11D0-8D11-00A0C91BC942}") = "test_connection", "test\unit\classes\test_connection.vcproj", "{9F98B62E-3729-49A2-B5B3-8BCC1F34316A}"
	ProjectSection(ProjectDependencies) = postProject
		{734680F9-929E-4AAF-98D2-8D1422C78ABA} = {734680F9-929E-4AAF-98D2-8D1422C78ABA}
		{FADA31A6-3910-4B6C-BCAB-43BF165AD53F} = {FADA31A6-3910-4B6C-BCAB-43BF165AD53F}
		{FC89F6A3-99C1-4985-AD00-1CF4B4AB4849} = {FC89F6A3-99C1-4985-AD00-1CF4B4AB4849}
	EndProjectSection
EndProject
Project("{8BC9CEB8-8B4A-11D0-8D11-00A0C91BC942}") = "test_savepoint", "test\unit\classes\test_savepoint.vcproj", "{CEB714DA-A534-41C0-A8A7-8002F6FC302C}"
	ProjectSection(ProjectDependencies) = postProject
		{734680F9-929E-4AAF-98D2-8D1422C78ABA} = {734680F9-929E-4AAF-98D2-8D1422C78ABA}
		{FADA31A6-3910-4B6C-BCAB-43BF165AD53F} = {FADA31A6-3910-4B6C-BCAB-43BF165AD53F}
		{FC89F6A3-99C1-4985-AD00-1CF4B4AB4849} = {FC89F6A3-99C1-4985-AD00-1CF4B4AB4849}
	EndProjectSection
EndProject
Project("{8BC9CEB8-8B4A-11D0-8D11-00A0C91BC942}") = "test_statement", "test\unit\classes\test_statement.vcproj", "{A030982A-9F76-4AB3-A685-DBC4148A9F27}"
	ProjectSection(ProjectDependencies) = postProject
		{734680F9-929E-4AAF-98D2-8D1422C78ABA} = {734680F9-929E-4AAF-98D2-8D1422C78ABA}
		{FADA31A6-3910-4B6C-BCAB-43BF165AD53F} = {FADA31A6-3910-4B6C-BCAB-43BF165AD53F}
		{FC89F6A3-99C1-4985-AD00-1CF4B4AB4849} = {FC89F6A3-99C1-4985-AD00-1CF4B4AB4849}
	EndProjectSection
EndProject
Project("{8BC9CEB8-8B4A-11D0-8D11-00A0C91BC942}") = "perf_statement", "test\unit\performance\perf_statement.vcproj", "{8EC87565-1439-475A-A27C-19B011E41A7C}"
	ProjectSection(ProjectDependencies) = postProject
		{734680F9-929E-4AAF-98D2-8D1422C78ABA} = {734680F9-929E-4AAF-98D2-8D1422C78ABA}
		{FADA31A6-3910-4B6C-BCAB-43BF165AD53F} = {FADA31A6-3910-4B6C-BCAB-43BF165AD53F}
		{FC89F6A3-99C1-4985-AD00-1CF4B4AB4849} = {FC89F6A3-99C1-4985-AD00-1CF4B4AB4849}
	EndProjectSection
EndProject
Project("{8BC9CEB8-8B4A-11D0-8D11-00A0C91BC942}") = "unsorted_bugs", "test\unit\bugs\unsorted_bugs.vcproj", "{A709B9FB-4B7E-43BA-B09C-2FC0BE1BC9BE}"
	ProjectSection(ProjectDependencies) = postProject
		{734680F9-929E-4AAF-98D2-8D1422C78ABA} = {734680F9-929E-4AAF-98D2-8D1422C78ABA}
		{FADA31A6-3910-4B6C-BCAB-43BF165AD53F} = {FADA31A6-3910-4B6C-BCAB-43BF165AD53F}
		{FC89F6A3-99C1-4985-AD00-1CF4B4AB4849} = {FC89F6A3-99C1-4985-AD00-1CF4B4AB4849}
	EndProjectSection
EndProject
Project("{8BC9CEB8-8B4A-11D0-8D11-00A0C91BC942}") = "bug123", "test\unit\template_bug_group\bug123.vcproj", "{A0C3FDF1-86AF-4540-8A38-A005524CB5F0}"
	ProjectSection(ProjectDependencies) = postProject
		{734680F9-929E-4AAF-98D2-8D1422C78ABA} = {734680F9-929E-4AAF-98D2-8D1422C78ABA}
		{FADA31A6-3910-4B6C-BCAB-43BF165AD53F} = {FADA31A6-3910-4B6C-BCAB-43BF165AD53F}
		{FC89F6A3-99C1-4985-AD00-1CF4B4AB4849} = {FC89F6A3-99C1-4985-AD00-1CF4B4AB4849}
	EndProjectSection
EndProject
Project("{8BC9CEB8-8B4A-11D0-8D11-00A0C91BC942}") = "bug456", "test\unit\template_bug_group\bug456.vcproj", "{9D2D0527-C8A5-49F4-81E7-FC34390F5B3E}"
	ProjectSection(ProjectDependencies) = postProject
		{734680F9-929E-4AAF-98D2-8D1422C78ABA} = {734680F9-929E-4AAF-98D2-8D1422C78ABA}
		{FADA31A6-3910-4B6C-BCAB-43BF165AD53F} = {FADA31A6-3910-4B6C-BCAB-43BF165AD53F}
		{FC89F6A3-99C1-4985-AD00-1CF4B4AB4849} = {FC89F6A3-99C1-4985-AD00-1CF4B4AB4849}
	EndProjectSection
EndProject
Project("{8BC9CEB8-8B4A-11D0-8D11-00A0C91BC942}") = "INSTALL", ".\INSTALL.vcproj", "{52EFDC17-5C7F-4ECD-8F4C-EF0E4E7C50BA}"
	ProjectSection(ProjectDependencies) = postProject
		{1B7597D7-A152-4F35-86DB-BB3A98387D8A} = {1B7597D7-A152-4F35-86DB-BB3A98387D8A}
		{FC89F6A3-99C1-4985-AD00-1CF4B4AB4849} = {FC89F6A3-99C1-4985-AD00-1CF4B4AB4849}
	EndProjectSection
EndProject
Project("{8BC9CEB8-8B4A-11D0-8D11-00A0C91BC942}") = "PACKAGE", ".\PACKAGE.vcproj", "{6A70B285-F0AE-425E-85C8-5FE74831AB68}"
	ProjectSection(ProjectDependencies) = postProject
		{1B7597D7-A152-4F35-86DB-BB3A98387D8A} = {1B7597D7-A152-4F35-86DB-BB3A98387D8A}
		{FC89F6A3-99C1-4985-AD00-1CF4B4AB4849} = {FC89F6A3-99C1-4985-AD00-1CF4B4AB4849}
	EndProjectSection
EndProject
Global
	GlobalSection(SolutionConfigurationPlatforms) = preSolution
		Debug|Win32 = Debug|Win32
		Release|Win32 = Release|Win32
		MinSizeRel|Win32 = MinSizeRel|Win32
		RelWithDebInfo|Win32 = RelWithDebInfo|Win32
	EndGlobalSection
	GlobalSection(ProjectConfigurationPlatforms) = postSolution
		{1B7597D7-A152-4F35-86DB-BB3A98387D8A}.Debug|Win32.ActiveCfg = Debug|Win32
		{1B7597D7-A152-4F35-86DB-BB3A98387D8A}.Debug|Win32.Build.0 = Debug|Win32
		{1B7597D7-A152-4F35-86DB-BB3A98387D8A}.Release|Win32.ActiveCfg = Release|Win32
		{1B7597D7-A152-4F35-86DB-BB3A98387D8A}.Release|Win32.Build.0 = Release|Win32
		{1B7597D7-A152-4F35-86DB-BB3A98387D8A}.MinSizeRel|Win32.ActiveCfg = MinSizeRel|Win32
		{1B7597D7-A152-4F35-86DB-BB3A98387D8A}.MinSizeRel|Win32.Build.0 = MinSizeRel|Win32
		{1B7597D7-A152-4F35-86DB-BB3A98387D8A}.RelWithDebInfo|Win32.ActiveCfg = RelWithDebInfo|Win32
		{1B7597D7-A152-4F35-86DB-BB3A98387D8A}.RelWithDebInfo|Win32.Build.0 = RelWithDebInfo|Win32
		{FC89F6A3-99C1-4985-AD00-1CF4B4AB4849}.Debug|Win32.ActiveCfg = Debug|Win32
		{FC89F6A3-99C1-4985-AD00-1CF4B4AB4849}.Debug|Win32.Build.0 = Debug|Win32
		{FC89F6A3-99C1-4985-AD00-1CF4B4AB4849}.Release|Win32.ActiveCfg = Release|Win32
		{FC89F6A3-99C1-4985-AD00-1CF4B4AB4849}.Release|Win32.Build.0 = Release|Win32
		{FC89F6A3-99C1-4985-AD00-1CF4B4AB4849}.MinSizeRel|Win32.ActiveCfg = MinSizeRel|Win32
		{FC89F6A3-99C1-4985-AD00-1CF4B4AB4849}.MinSizeRel|Win32.Build.0 = MinSizeRel|Win32
		{FC89F6A3-99C1-4985-AD00-1CF4B4AB4849}.RelWithDebInfo|Win32.ActiveCfg = RelWithDebInfo|Win32
		{FC89F6A3-99C1-4985-AD00-1CF4B4AB4849}.RelWithDebInfo|Win32.Build.0 = RelWithDebInfo|Win32
		{9EFC97D8-2CE8-4463-A1F0-5687C218BF4C}.Debug|Win32.ActiveCfg = Debug|Win32
		{9EFC97D8-2CE8-4463-A1F0-5687C218BF4C}.Debug|Win32.Build.0 = Debug|Win32
		{9EFC97D8-2CE8-4463-A1F0-5687C218BF4C}.Release|Win32.ActiveCfg = Release|Win32
		{9EFC97D8-2CE8-4463-A1F0-5687C218BF4C}.Release|Win32.Build.0 = Release|Win32
		{9EFC97D8-2CE8-4463-A1F0-5687C218BF4C}.MinSizeRel|Win32.ActiveCfg = MinSizeRel|Win32
		{9EFC97D8-2CE8-4463-A1F0-5687C218BF4C}.MinSizeRel|Win32.Build.0 = MinSizeRel|Win32
		{9EFC97D8-2CE8-4463-A1F0-5687C218BF4C}.RelWithDebInfo|Win32.ActiveCfg = RelWithDebInfo|Win32
		{9EFC97D8-2CE8-4463-A1F0-5687C218BF4C}.RelWithDebInfo|Win32.Build.0 = RelWithDebInfo|Win32
		{734680F9-929E-4AAF-98D2-8D1422C78ABA}.Debug|Win32.ActiveCfg = Debug|Win32
		{734680F9-929E-4AAF-98D2-8D1422C78ABA}.Debug|Win32.Build.0 = Debug|Win32
		{734680F9-929E-4AAF-98D2-8D1422C78ABA}.Release|Win32.ActiveCfg = Release|Win32
		{734680F9-929E-4AAF-98D2-8D1422C78ABA}.Release|Win32.Build.0 = Release|Win32
		{734680F9-929E-4AAF-98D2-8D1422C78ABA}.MinSizeRel|Win32.ActiveCfg = MinSizeRel|Win32
		{734680F9-929E-4AAF-98D2-8D1422C78ABA}.MinSizeRel|Win32.Build.0 = MinSizeRel|Win32
		{734680F9-929E-4AAF-98D2-8D1422C78ABA}.RelWithDebInfo|Win32.ActiveCfg = RelWithDebInfo|Win32
		{734680F9-929E-4AAF-98D2-8D1422C78ABA}.RelWithDebInfo|Win32.Build.0 = RelWithDebInfo|Win32
		{EE51BA97-A196-4F27-9121-51BBE43FD04D}.Debug|Win32.ActiveCfg = Debug|Win32
		{EE51BA97-A196-4F27-9121-51BBE43FD04D}.Debug|Win32.Build.0 = Debug|Win32
		{EE51BA97-A196-4F27-9121-51BBE43FD04D}.Release|Win32.ActiveCfg = Release|Win32
		{EE51BA97-A196-4F27-9121-51BBE43FD04D}.Release|Win32.Build.0 = Release|Win32
		{EE51BA97-A196-4F27-9121-51BBE43FD04D}.MinSizeRel|Win32.ActiveCfg = MinSizeRel|Win32
		{EE51BA97-A196-4F27-9121-51BBE43FD04D}.MinSizeRel|Win32.Build.0 = MinSizeRel|Win32
		{EE51BA97-A196-4F27-9121-51BBE43FD04D}.RelWithDebInfo|Win32.ActiveCfg = RelWithDebInfo|Win32
		{EE51BA97-A196-4F27-9121-51BBE43FD04D}.RelWithDebInfo|Win32.Build.0 = RelWithDebInfo|Win32
		{A56C29B5-8B54-4175-B148-D19203965F18}.Debug|Win32.ActiveCfg = Debug|Win32
		{A56C29B5-8B54-4175-B148-D19203965F18}.Debug|Win32.Build.0 = Debug|Win32
		{A56C29B5-8B54-4175-B148-D19203965F18}.Release|Win32.ActiveCfg = Release|Win32
		{A56C29B5-8B54-4175-B148-D19203965F18}.Release|Win32.Build.0 = Release|Win32
		{A56C29B5-8B54-4175-B148-D19203965F18}.MinSizeRel|Win32.ActiveCfg = MinSizeRel|Win32
		{A56C29B5-8B54-4175-B148-D19203965F18}.MinSizeRel|Win32.Build.0 = MinSizeRel|Win32
		{A56C29B5-8B54-4175-B148-D19203965F18}.RelWithDebInfo|Win32.ActiveCfg = RelWithDebInfo|Win32
		{A56C29B5-8B54-4175-B148-D19203965F18}.RelWithDebInfo|Win32.Build.0 = RelWithDebInfo|Win32
		{D5B9DBDB-CC43-4AFA-A816-CD1B2E865D82}.Debug|Win32.ActiveCfg = Debug|Win32
		{D5B9DBDB-CC43-4AFA-A816-CD1B2E865D82}.Debug|Win32.Build.0 = Debug|Win32
		{D5B9DBDB-CC43-4AFA-A816-CD1B2E865D82}.Release|Win32.ActiveCfg = Release|Win32
		{D5B9DBDB-CC43-4AFA-A816-CD1B2E865D82}.Release|Win32.Build.0 = Release|Win32
		{D5B9DBDB-CC43-4AFA-A816-CD1B2E865D82}.MinSizeRel|Win32.ActiveCfg = MinSizeRel|Win32
		{D5B9DBDB-CC43-4AFA-A816-CD1B2E865D82}.MinSizeRel|Win32.Build.0 = MinSizeRel|Win32
		{D5B9DBDB-CC43-4AFA-A816-CD1B2E865D82}.RelWithDebInfo|Win32.ActiveCfg = RelWithDebInfo|Win32
		{D5B9DBDB-CC43-4AFA-A816-CD1B2E865D82}.RelWithDebInfo|Win32.Build.0 = RelWithDebInfo|Win32
		{E05B1E1C-E0F4-446F-9EF8-F9FD777EA39F}.Debug|Win32.ActiveCfg = Debug|Win32
		{E05B1E1C-E0F4-446F-9EF8-F9FD777EA39F}.Debug|Win32.Build.0 = Debug|Win32
		{E05B1E1C-E0F4-446F-9EF8-F9FD777EA39F}.Release|Win32.ActiveCfg = Release|Win32
		{E05B1E1C-E0F4-446F-9EF8-F9FD777EA39F}.Release|Win32.Build.0 = Release|Win32
		{E05B1E1C-E0F4-446F-9EF8-F9FD777EA39F}.MinSizeRel|Win32.ActiveCfg = MinSizeRel|Win32
		{E05B1E1C-E0F4-446F-9EF8-F9FD777EA39F}.MinSizeRel|Win32.Build.0 = MinSizeRel|Win32
		{E05B1E1C-E0F4-446F-9EF8-F9FD777EA39F}.RelWithDebInfo|Win32.ActiveCfg = RelWithDebInfo|Win32
		{E05B1E1C-E0F4-446F-9EF8-F9FD777EA39F}.RelWithDebInfo|Win32.Build.0 = RelWithDebInfo|Win32
		{5F281A14-A6C0-4148-8BD7-87BADEF46794}.Debug|Win32.ActiveCfg = Debug|Win32
		{5F281A14-A6C0-4148-8BD7-87BADEF46794}.Debug|Win32.Build.0 = Debug|Win32
		{5F281A14-A6C0-4148-8BD7-87BADEF46794}.Release|Win32.ActiveCfg = Release|Win32
		{5F281A14-A6C0-4148-8BD7-87BADEF46794}.Release|Win32.Build.0 = Release|Win32
		{5F281A14-A6C0-4148-8BD7-87BADEF46794}.MinSizeRel|Win32.ActiveCfg = MinSizeRel|Win32
		{5F281A14-A6C0-4148-8BD7-87BADEF46794}.MinSizeRel|Win32.Build.0 = MinSizeRel|Win32
		{5F281A14-A6C0-4148-8BD7-87BADEF46794}.RelWithDebInfo|Win32.ActiveCfg = RelWithDebInfo|Win32
		{5F281A14-A6C0-4148-8BD7-87BADEF46794}.RelWithDebInfo|Win32.Build.0 = RelWithDebInfo|Win32
		{BF54CEE2-8FAC-4955-908A-375D3FA15CEE}.Debug|Win32.ActiveCfg = Debug|Win32
		{BF54CEE2-8FAC-4955-908A-375D3FA15CEE}.Debug|Win32.Build.0 = Debug|Win32
		{BF54CEE2-8FAC-4955-908A-375D3FA15CEE}.Release|Win32.ActiveCfg = Release|Win32
		{BF54CEE2-8FAC-4955-908A-375D3FA15CEE}.Release|Win32.Build.0 = Release|Win32
		{BF54CEE2-8FAC-4955-908A-375D3FA15CEE}.MinSizeRel|Win32.ActiveCfg = MinSizeRel|Win32
		{BF54CEE2-8FAC-4955-908A-375D3FA15CEE}.MinSizeRel|Win32.Build.0 = MinSizeRel|Win32
		{BF54CEE2-8FAC-4955-908A-375D3FA15CEE}.RelWithDebInfo|Win32.ActiveCfg = RelWithDebInfo|Win32
		{BF54CEE2-8FAC-4955-908A-375D3FA15CEE}.RelWithDebInfo|Win32.Build.0 = RelWithDebInfo|Win32
		{47B3A59F-965D-4B9F-B8ED-3B40BCD31DD4}.Debug|Win32.ActiveCfg = Debug|Win32
		{47B3A59F-965D-4B9F-B8ED-3B40BCD31DD4}.Debug|Win32.Build.0 = Debug|Win32
		{47B3A59F-965D-4B9F-B8ED-3B40BCD31DD4}.Release|Win32.ActiveCfg = Release|Win32
		{47B3A59F-965D-4B9F-B8ED-3B40BCD31DD4}.Release|Win32.Build.0 = Release|Win32
		{47B3A59F-965D-4B9F-B8ED-3B40BCD31DD4}.MinSizeRel|Win32.ActiveCfg = MinSizeRel|Win32
		{47B3A59F-965D-4B9F-B8ED-3B40BCD31DD4}.MinSizeRel|Win32.Build.0 = MinSizeRel|Win32
		{47B3A59F-965D-4B9F-B8ED-3B40BCD31DD4}.RelWithDebInfo|Win32.ActiveCfg = RelWithDebInfo|Win32
		{47B3A59F-965D-4B9F-B8ED-3B40BCD31DD4}.RelWithDebInfo|Win32.Build.0 = RelWithDebInfo|Win32
		{9F331E12-A5BC-486C-9084-B8FFDF5D4309}.Debug|Win32.ActiveCfg = Debug|Win32
		{9F331E12-A5BC-486C-9084-B8FFDF5D4309}.Debug|Win32.Build.0 = Debug|Win32
		{9F331E12-A5BC-486C-9084-B8FFDF5D4309}.Release|Win32.ActiveCfg = Release|Win32
		{9F331E12-A5BC-486C-9084-B8FFDF5D4309}.Release|Win32.Build.0 = Release|Win32
		{9F331E12-A5BC-486C-9084-B8FFDF5D4309}.MinSizeRel|Win32.ActiveCfg = MinSizeRel|Win32
		{9F331E12-A5BC-486C-9084-B8FFDF5D4309}.MinSizeRel|Win32.Build.0 = MinSizeRel|Win32
		{9F331E12-A5BC-486C-9084-B8FFDF5D4309}.RelWithDebInfo|Win32.ActiveCfg = RelWithDebInfo|Win32
		{9F331E12-A5BC-486C-9084-B8FFDF5D4309}.RelWithDebInfo|Win32.Build.0 = RelWithDebInfo|Win32
		{43395EE5-06EF-471F-81C6-6BBEE1AE16D3}.Debug|Win32.ActiveCfg = Debug|Win32
		{43395EE5-06EF-471F-81C6-6BBEE1AE16D3}.Debug|Win32.Build.0 = Debug|Win32
		{43395EE5-06EF-471F-81C6-6BBEE1AE16D3}.Release|Win32.ActiveCfg = Release|Win32
		{43395EE5-06EF-471F-81C6-6BBEE1AE16D3}.Release|Win32.Build.0 = Release|Win32
		{43395EE5-06EF-471F-81C6-6BBEE1AE16D3}.MinSizeRel|Win32.ActiveCfg = MinSizeRel|Win32
		{43395EE5-06EF-471F-81C6-6BBEE1AE16D3}.MinSizeRel|Win32.Build.0 = MinSizeRel|Win32
		{43395EE5-06EF-471F-81C6-6BBEE1AE16D3}.RelWithDebInfo|Win32.ActiveCfg = RelWithDebInfo|Win32
		{43395EE5-06EF-471F-81C6-6BBEE1AE16D3}.RelWithDebInfo|Win32.Build.0 = RelWithDebInfo|Win32
		{1C4E4AB6-1315-48C3-ACAA-672FA4D596C0}.Debug|Win32.ActiveCfg = Debug|Win32
		{1C4E4AB6-1315-48C3-ACAA-672FA4D596C0}.Debug|Win32.Build.0 = Debug|Win32
		{1C4E4AB6-1315-48C3-ACAA-672FA4D596C0}.Release|Win32.ActiveCfg = Release|Win32
		{1C4E4AB6-1315-48C3-ACAA-672FA4D596C0}.Release|Win32.Build.0 = Release|Win32
		{1C4E4AB6-1315-48C3-ACAA-672FA4D596C0}.MinSizeRel|Win32.ActiveCfg = MinSizeRel|Win32
		{1C4E4AB6-1315-48C3-ACAA-672FA4D596C0}.MinSizeRel|Win32.Build.0 = MinSizeRel|Win32
		{1C4E4AB6-1315-48C3-ACAA-672FA4D596C0}.RelWithDebInfo|Win32.ActiveCfg = RelWithDebInfo|Win32
		{1C4E4AB6-1315-48C3-ACAA-672FA4D596C0}.RelWithDebInfo|Win32.Build.0 = RelWithDebInfo|Win32
		{D49A6FA7-0A45-4C11-A6B3-6A3CEF4C531C}.Debug|Win32.ActiveCfg = Debug|Win32
		{D49A6FA7-0A45-4C11-A6B3-6A3CEF4C531C}.Debug|Win32.Build.0 = Debug|Win32
		{D49A6FA7-0A45-4C11-A6B3-6A3CEF4C531C}.Release|Win32.ActiveCfg = Release|Win32
		{D49A6FA7-0A45-4C11-A6B3-6A3CEF4C531C}.Release|Win32.Build.0 = Release|Win32
		{D49A6FA7-0A45-4C11-A6B3-6A3CEF4C531C}.MinSizeRel|Win32.ActiveCfg = MinSizeRel|Win32
		{D49A6FA7-0A45-4C11-A6B3-6A3CEF4C531C}.MinSizeRel|Win32.Build.0 = MinSizeRel|Win32
		{D49A6FA7-0A45-4C11-A6B3-6A3CEF4C531C}.RelWithDebInfo|Win32.ActiveCfg = RelWithDebInfo|Win32
		{D49A6FA7-0A45-4C11-A6B3-6A3CEF4C531C}.RelWithDebInfo|Win32.Build.0 = RelWithDebInfo|Win32
		{2141CF93-AB87-41B7-8283-E90364751E03}.Debug|Win32.ActiveCfg = Debug|Win32
		{2141CF93-AB87-41B7-8283-E90364751E03}.Debug|Win32.Build.0 = Debug|Win32
		{2141CF93-AB87-41B7-8283-E90364751E03}.Release|Win32.ActiveCfg = Release|Win32
		{2141CF93-AB87-41B7-8283-E90364751E03}.Release|Win32.Build.0 = Release|Win32
		{2141CF93-AB87-41B7-8283-E90364751E03}.MinSizeRel|Win32.ActiveCfg = MinSizeRel|Win32
		{2141CF93-AB87-41B7-8283-E90364751E03}.MinSizeRel|Win32.Build.0 = MinSizeRel|Win32
		{2141CF93-AB87-41B7-8283-E90364751E03}.RelWithDebInfo|Win32.ActiveCfg = RelWithDebInfo|Win32
		{2141CF93-AB87-41B7-8283-E90364751E03}.RelWithDebInfo|Win32.Build.0 = RelWithDebInfo|Win32
		{FADA31A6-3910-4B6C-BCAB-43BF165AD53F}.Debug|Win32.ActiveCfg = Debug|Win32
		{FADA31A6-3910-4B6C-BCAB-43BF165AD53F}.Debug|Win32.Build.0 = Debug|Win32
		{FADA31A6-3910-4B6C-BCAB-43BF165AD53F}.Release|Win32.ActiveCfg = Release|Win32
		{FADA31A6-3910-4B6C-BCAB-43BF165AD53F}.Release|Win32.Build.0 = Release|Win32
		{FADA31A6-3910-4B6C-BCAB-43BF165AD53F}.MinSizeRel|Win32.ActiveCfg = MinSizeRel|Win32
		{FADA31A6-3910-4B6C-BCAB-43BF165AD53F}.MinSizeRel|Win32.Build.0 = MinSizeRel|Win32
		{FADA31A6-3910-4B6C-BCAB-43BF165AD53F}.RelWithDebInfo|Win32.ActiveCfg = RelWithDebInfo|Win32
		{FADA31A6-3910-4B6C-BCAB-43BF165AD53F}.RelWithDebInfo|Win32.Build.0 = RelWithDebInfo|Win32
		{2E05E7EA-F44C-4A5C-873C-2A5B5502DE23}.Debug|Win32.ActiveCfg = Debug|Win32
		{2E05E7EA-F44C-4A5C-873C-2A5B5502DE23}.Debug|Win32.Build.0 = Debug|Win32
		{2E05E7EA-F44C-4A5C-873C-2A5B5502DE23}.Release|Win32.ActiveCfg = Release|Win32
		{2E05E7EA-F44C-4A5C-873C-2A5B5502DE23}.Release|Win32.Build.0 = Release|Win32
		{2E05E7EA-F44C-4A5C-873C-2A5B5502DE23}.MinSizeRel|Win32.ActiveCfg = MinSizeRel|Win32
		{2E05E7EA-F44C-4A5C-873C-2A5B5502DE23}.MinSizeRel|Win32.Build.0 = MinSizeRel|Win32
		{2E05E7EA-F44C-4A5C-873C-2A5B5502DE23}.RelWithDebInfo|Win32.ActiveCfg = RelWithDebInfo|Win32
		{2E05E7EA-F44C-4A5C-873C-2A5B5502DE23}.RelWithDebInfo|Win32.Build.0 = RelWithDebInfo|Win32
		{673919A3-BDF8-4A08-B5AB-A6D15C3411A8}.Debug|Win32.ActiveCfg = Debug|Win32
		{673919A3-BDF8-4A08-B5AB-A6D15C3411A8}.Debug|Win32.Build.0 = Debug|Win32
		{673919A3-BDF8-4A08-B5AB-A6D15C3411A8}.Release|Win32.ActiveCfg = Release|Win32
		{673919A3-BDF8-4A08-B5AB-A6D15C3411A8}.Release|Win32.Build.0 = Release|Win32
		{673919A3-BDF8-4A08-B5AB-A6D15C3411A8}.MinSizeRel|Win32.ActiveCfg = MinSizeRel|Win32
		{673919A3-BDF8-4A08-B5AB-A6D15C3411A8}.MinSizeRel|Win32.Build.0 = MinSizeRel|Win32
		{673919A3-BDF8-4A08-B5AB-A6D15C3411A8}.RelWithDebInfo|Win32.ActiveCfg = RelWithDebInfo|Win32
		{673919A3-BDF8-4A08-B5AB-A6D15C3411A8}.RelWithDebInfo|Win32.Build.0 = RelWithDebInfo|Win32
		{0ECB88C6-51B5-457D-ADE2-03D6EDB24C60}.Debug|Win32.ActiveCfg = Debug|Win32
		{0ECB88C6-51B5-457D-ADE2-03D6EDB24C60}.Debug|Win32.Build.0 = Debug|Win32
		{0ECB88C6-51B5-457D-ADE2-03D6EDB24C60}.Release|Win32.ActiveCfg = Release|Win32
		{0ECB88C6-51B5-457D-ADE2-03D6EDB24C60}.Release|Win32.Build.0 = Release|Win32
		{0ECB88C6-51B5-457D-ADE2-03D6EDB24C60}.MinSizeRel|Win32.ActiveCfg = MinSizeRel|Win32
		{0ECB88C6-51B5-457D-ADE2-03D6EDB24C60}.MinSizeRel|Win32.Build.0 = MinSizeRel|Win32
		{0ECB88C6-51B5-457D-ADE2-03D6EDB24C60}.RelWithDebInfo|Win32.ActiveCfg = RelWithDebInfo|Win32
		{0ECB88C6-51B5-457D-ADE2-03D6EDB24C60}.RelWithDebInfo|Win32.Build.0 = RelWithDebInfo|Win32
		{3D2D247E-4B2F-4735-A0E5-1DD9BA02F671}.Debug|Win32.ActiveCfg = Debug|Win32
		{3D2D247E-4B2F-4735-A0E5-1DD9BA02F671}.Debug|Win32.Build.0 = Debug|Win32
		{3D2D247E-4B2F-4735-A0E5-1DD9BA02F671}.Release|Win32.ActiveCfg = Release|Win32
		{3D2D247E-4B2F-4735-A0E5-1DD9BA02F671}.Release|Win32.Build.0 = Release|Win32
		{3D2D247E-4B2F-4735-A0E5-1DD9BA02F671}.MinSizeRel|Win32.ActiveCfg = MinSizeRel|Win32
		{3D2D247E-4B2F-4735-A0E5-1DD9BA02F671}.MinSizeRel|Win32.Build.0 = MinSizeRel|Win32
		{3D2D247E-4B2F-4735-A0E5-1DD9BA02F671}.RelWithDebInfo|Win32.ActiveCfg = RelWithDebInfo|Win32
		{3D2D247E-4B2F-4735-A0E5-1DD9BA02F671}.RelWithDebInfo|Win32.Build.0 = RelWithDebInfo|Win32
		{2D03AEF1-3A6D-41E6-B6EE-6A9ECD9CDE15}.Debug|Win32.ActiveCfg = Debug|Win32
		{2D03AEF1-3A6D-41E6-B6EE-6A9ECD9CDE15}.Debug|Win32.Build.0 = Debug|Win32
		{2D03AEF1-3A6D-41E6-B6EE-6A9ECD9CDE15}.Release|Win32.ActiveCfg = Release|Win32
		{2D03AEF1-3A6D-41E6-B6EE-6A9ECD9CDE15}.Release|Win32.Build.0 = Release|Win32
		{2D03AEF1-3A6D-41E6-B6EE-6A9ECD9CDE15}.MinSizeRel|Win32.ActiveCfg = MinSizeRel|Win32
		{2D03AEF1-3A6D-41E6-B6EE-6A9ECD9CDE15}.MinSizeRel|Win32.Build.0 = MinSizeRel|Win32
		{2D03AEF1-3A6D-41E6-B6EE-6A9ECD9CDE15}.RelWithDebInfo|Win32.ActiveCfg = RelWithDebInfo|Win32
		{2D03AEF1-3A6D-41E6-B6EE-6A9ECD9CDE15}.RelWithDebInfo|Win32.Build.0 = RelWithDebInfo|Win32
		{3E1BB461-6F42-4F36-A5C5-331B19B7DF4A}.Debug|Win32.ActiveCfg = Debug|Win32
		{3E1BB461-6F42-4F36-A5C5-331B19B7DF4A}.Debug|Win32.Build.0 = Debug|Win32
		{3E1BB461-6F42-4F36-A5C5-331B19B7DF4A}.Release|Win32.ActiveCfg = Release|Win32
		{3E1BB461-6F42-4F36-A5C5-331B19B7DF4A}.Release|Win32.Build.0 = Release|Win32
		{3E1BB461-6F42-4F36-A5C5-331B19B7DF4A}.MinSizeRel|Win32.ActiveCfg = MinSizeRel|Win32
		{3E1BB461-6F42-4F36-A5C5-331B19B7DF4A}.MinSizeRel|Win32.Build.0 = MinSizeRel|Win32
		{3E1BB461-6F42-4F36-A5C5-331B19B7DF4A}.RelWithDebInfo|Win32.ActiveCfg = RelWithDebInfo|Win32
		{3E1BB461-6F42-4F36-A5C5-331B19B7DF4A}.RelWithDebInfo|Win32.Build.0 = RelWithDebInfo|Win32
		{D0DB2AC3-3D0B-409A-845E-A6861A413374}.Debug|Win32.ActiveCfg = Debug|Win32
		{D0DB2AC3-3D0B-409A-845E-A6861A413374}.Debug|Win32.Build.0 = Debug|Win32
		{D0DB2AC3-3D0B-409A-845E-A6861A413374}.Release|Win32.ActiveCfg = Release|Win32
		{D0DB2AC3-3D0B-409A-845E-A6861A413374}.Release|Win32.Build.0 = Release|Win32
		{D0DB2AC3-3D0B-409A-845E-A6861A413374}.MinSizeRel|Win32.ActiveCfg = MinSizeRel|Win32
		{D0DB2AC3-3D0B-409A-845E-A6861A413374}.MinSizeRel|Win32.Build.0 = MinSizeRel|Win32
		{D0DB2AC3-3D0B-409A-845E-A6861A413374}.RelWithDebInfo|Win32.ActiveCfg = RelWithDebInfo|Win32
		{D0DB2AC3-3D0B-409A-845E-A6861A413374}.RelWithDebInfo|Win32.Build.0 = RelWithDebInfo|Win32
		{BADBD3F2-913D-42A9-902F-14EFB51DE9BE}.Debug|Win32.ActiveCfg = Debug|Win32
		{BADBD3F2-913D-42A9-902F-14EFB51DE9BE}.Debug|Win32.Build.0 = Debug|Win32
		{BADBD3F2-913D-42A9-902F-14EFB51DE9BE}.Release|Win32.ActiveCfg = Release|Win32
		{BADBD3F2-913D-42A9-902F-14EFB51DE9BE}.Release|Win32.Build.0 = Release|Win32
		{BADBD3F2-913D-42A9-902F-14EFB51DE9BE}.MinSizeRel|Win32.ActiveCfg = MinSizeRel|Win32
		{BADBD3F2-913D-42A9-902F-14EFB51DE9BE}.MinSizeRel|Win32.Build.0 = MinSizeRel|Win32
		{BADBD3F2-913D-42A9-902F-14EFB51DE9BE}.RelWithDebInfo|Win32.ActiveCfg = RelWithDebInfo|Win32
		{BADBD3F2-913D-42A9-902F-14EFB51DE9BE}.RelWithDebInfo|Win32.Build.0 = RelWithDebInfo|Win32
		{39E3FF75-7936-49E0-A1B4-EDF33EF28A2E}.Debug|Win32.ActiveCfg = Debug|Win32
		{39E3FF75-7936-49E0-A1B4-EDF33EF28A2E}.Debug|Win32.Build.0 = Debug|Win32
		{39E3FF75-7936-49E0-A1B4-EDF33EF28A2E}.Release|Win32.ActiveCfg = Release|Win32
		{39E3FF75-7936-49E0-A1B4-EDF33EF28A2E}.Release|Win32.Build.0 = Release|Win32
		{39E3FF75-7936-49E0-A1B4-EDF33EF28A2E}.MinSizeRel|Win32.ActiveCfg = MinSizeRel|Win32
		{39E3FF75-7936-49E0-A1B4-EDF33EF28A2E}.MinSizeRel|Win32.Build.0 = MinSizeRel|Win32
		{39E3FF75-7936-49E0-A1B4-EDF33EF28A2E}.RelWithDebInfo|Win32.ActiveCfg = RelWithDebInfo|Win32
		{39E3FF75-7936-49E0-A1B4-EDF33EF28A2E}.RelWithDebInfo|Win32.Build.0 = RelWithDebInfo|Win32
		{9F98B62E-3729-49A2-B5B3-8BCC1F34316A}.Debug|Win32.ActiveCfg = Debug|Win32
		{9F98B62E-3729-49A2-B5B3-8BCC1F34316A}.Debug|Win32.Build.0 = Debug|Win32
		{9F98B62E-3729-49A2-B5B3-8BCC1F34316A}.Release|Win32.ActiveCfg = Release|Win32
		{9F98B62E-3729-49A2-B5B3-8BCC1F34316A}.Release|Win32.Build.0 = Release|Win32
		{9F98B62E-3729-49A2-B5B3-8BCC1F34316A}.MinSizeRel|Win32.ActiveCfg = MinSizeRel|Win32
		{9F98B62E-3729-49A2-B5B3-8BCC1F34316A}.MinSizeRel|Win32.Build.0 = MinSizeRel|Win32
		{9F98B62E-3729-49A2-B5B3-8BCC1F34316A}.RelWithDebInfo|Win32.ActiveCfg = RelWithDebInfo|Win32
		{9F98B62E-3729-49A2-B5B3-8BCC1F34316A}.RelWithDebInfo|Win32.Build.0 = RelWithDebInfo|Win32
		{CEB714DA-A534-41C0-A8A7-8002F6FC302C}.Debug|Win32.ActiveCfg = Debug|Win32
		{CEB714DA-A534-41C0-A8A7-8002F6FC302C}.Debug|Win32.Build.0 = Debug|Win32
		{CEB714DA-A534-41C0-A8A7-8002F6FC302C}.Release|Win32.ActiveCfg = Release|Win32
		{CEB714DA-A534-41C0-A8A7-8002F6FC302C}.Release|Win32.Build.0 = Release|Win32
		{CEB714DA-A534-41C0-A8A7-8002F6FC302C}.MinSizeRel|Win32.ActiveCfg = MinSizeRel|Win32
		{CEB714DA-A534-41C0-A8A7-8002F6FC302C}.MinSizeRel|Win32.Build.0 = MinSizeRel|Win32
		{CEB714DA-A534-41C0-A8A7-8002F6FC302C}.RelWithDebInfo|Win32.ActiveCfg = RelWithDebInfo|Win32
		{CEB714DA-A534-41C0-A8A7-8002F6FC302C}.RelWithDebInfo|Win32.Build.0 = RelWithDebInfo|Win32
		{A030982A-9F76-4AB3-A685-DBC4148A9F27}.Debug|Win32.ActiveCfg = Debug|Win32
		{A030982A-9F76-4AB3-A685-DBC4148A9F27}.Debug|Win32.Build.0 = Debug|Win32
		{A030982A-9F76-4AB3-A685-DBC4148A9F27}.Release|Win32.ActiveCfg = Release|Win32
		{A030982A-9F76-4AB3-A685-DBC4148A9F27}.Release|Win32.Build.0 = Release|Win32
		{A030982A-9F76-4AB3-A685-DBC4148A9F27}.MinSizeRel|Win32.ActiveCfg = MinSizeRel|Win32
		{A030982A-9F76-4AB3-A685-DBC4148A9F27}.MinSizeRel|Win32.Build.0 = MinSizeRel|Win32
		{A030982A-9F76-4AB3-A685-DBC4148A9F27}.RelWithDebInfo|Win32.ActiveCfg = RelWithDebInfo|Win32
		{A030982A-9F76-4AB3-A685-DBC4148A9F27}.RelWithDebInfo|Win32.Build.0 = RelWithDebInfo|Win32
		{8EC87565-1439-475A-A27C-19B011E41A7C}.Debug|Win32.ActiveCfg = Debug|Win32
		{8EC87565-1439-475A-A27C-19B011E41A7C}.Debug|Win32.Build.0 = Debug|Win32
		{8EC87565-1439-475A-A27C-19B011E41A7C}.Release|Win32.ActiveCfg = Release|Win32
		{8EC87565-1439-475A-A27C-19B011E41A7C}.Release|Win32.Build.0 = Release|Win32
		{8EC87565-1439-475A-A27C-19B011E41A7C}.MinSizeRel|Win32.ActiveCfg = MinSizeRel|Win32
		{8EC87565-1439-475A-A27C-19B011E41A7C}.MinSizeRel|Win32.Build.0 = MinSizeRel|Win32
		{8EC87565-1439-475A-A27C-19B011E41A7C}.RelWithDebInfo|Win32.ActiveCfg = RelWithDebInfo|Win32
		{8EC87565-1439-475A-A27C-19B011E41A7C}.RelWithDebInfo|Win32.Build.0 = RelWithDebInfo|Win32
		{A709B9FB-4B7E-43BA-B09C-2FC0BE1BC9BE}.Debug|Win32.ActiveCfg = Debug|Win32
		{A709B9FB-4B7E-43BA-B09C-2FC0BE1BC9BE}.Debug|Win32.Build.0 = Debug|Win32
		{A709B9FB-4B7E-43BA-B09C-2FC0BE1BC9BE}.Release|Win32.ActiveCfg = Release|Win32
		{A709B9FB-4B7E-43BA-B09C-2FC0BE1BC9BE}.Release|Win32.Build.0 = Release|Win32
		{A709B9FB-4B7E-43BA-B09C-2FC0BE1BC9BE}.MinSizeRel|Win32.ActiveCfg = MinSizeRel|Win32
		{A709B9FB-4B7E-43BA-B09C-2FC0BE1BC9BE}.MinSizeRel|Win32.Build.0 = MinSizeRel|Win32
		{A709B9FB-4B7E-43BA-B09C-2FC0BE1BC9BE}.RelWithDebInfo|Win32.ActiveCfg = RelWithDebInfo|Win32
		{A709B9FB-4B7E-43BA-B09C-2FC0BE1BC9BE}.RelWithDebInfo|Win32.Build.0 = RelWithDebInfo|Win32
		{A0C3FDF1-86AF-4540-8A38-A005524CB5F0}.Debug|Win32.ActiveCfg = Debug|Win32
		{A0C3FDF1-86AF-4540-8A38-A005524CB5F0}.Debug|Win32.Build.0 = Debug|Win32
		{A0C3FDF1-86AF-4540-8A38-A005524CB5F0}.Release|Win32.ActiveCfg = Release|Win32
		{A0C3FDF1-86AF-4540-8A38-A005524CB5F0}.Release|Win32.Build.0 = Release|Win32
		{A0C3FDF1-86AF-4540-8A38-A005524CB5F0}.MinSizeRel|Win32.ActiveCfg = MinSizeRel|Win32
		{A0C3FDF1-86AF-4540-8A38-A005524CB5F0}.MinSizeRel|Win32.Build.0 = MinSizeRel|Win32
		{A0C3FDF1-86AF-4540-8A38-A005524CB5F0}.RelWithDebInfo|Win32.ActiveCfg = RelWithDebInfo|Win32
		{A0C3FDF1-86AF-4540-8A38-A005524CB5F0}.RelWithDebInfo|Win32.Build.0 = RelWithDebInfo|Win32
		{9D2D0527-C8A5-49F4-81E7-FC34390F5B3E}.Debug|Win32.ActiveCfg = Debug|Win32
		{9D2D0527-C8A5-49F4-81E7-FC34390F5B3E}.Debug|Win32.Build.0 = Debug|Win32
		{9D2D0527-C8A5-49F4-81E7-FC34390F5B3E}.Release|Win32.ActiveCfg = Release|Win32
		{9D2D0527-C8A5-49F4-81E7-FC34390F5B3E}.Release|Win32.Build.0 = Release|Win32
		{9D2D0527-C8A5-49F4-81E7-FC34390F5B3E}.MinSizeRel|Win32.ActiveCfg = MinSizeRel|Win32
		{9D2D0527-C8A5-49F4-81E7-FC34390F5B3E}.MinSizeRel|Win32.Build.0 = MinSizeRel|Win32
		{9D2D0527-C8A5-49F4-81E7-FC34390F5B3E}.RelWithDebInfo|Win32.ActiveCfg = RelWithDebInfo|Win32
		{9D2D0527-C8A5-49F4-81E7-FC34390F5B3E}.RelWithDebInfo|Win32.Build.0 = RelWithDebInfo|Win32
		{52EFDC17-5C7F-4ECD-8F4C-EF0E4E7C50BA}.Debug|Win32.ActiveCfg = Debug|Win32
		{52EFDC17-5C7F-4ECD-8F4C-EF0E4E7C50BA}.Release|Win32.ActiveCfg = Release|Win32
		{52EFDC17-5C7F-4ECD-8F4C-EF0E4E7C50BA}.MinSizeRel|Win32.ActiveCfg = MinSizeRel|Win32
		{52EFDC17-5C7F-4ECD-8F4C-EF0E4E7C50BA}.RelWithDebInfo|Win32.ActiveCfg = RelWithDebInfo|Win32
		{6A70B285-F0AE-425E-85C8-5FE74831AB68}.Debug|Win32.ActiveCfg = Debug|Win32
		{6A70B285-F0AE-425E-85C8-5FE74831AB68}.Release|Win32.ActiveCfg = Release|Win32
		{6A70B285-F0AE-425E-85C8-5FE74831AB68}.MinSizeRel|Win32.ActiveCfg = MinSizeRel|Win32
		{6A70B285-F0AE-425E-85C8-5FE74831AB68}.RelWithDebInfo|Win32.ActiveCfg = RelWithDebInfo|Win32
		{52EFDC17-5C7F-4ECD-8F4C-EF0E4E7C50BA}.Debug|Win32.ActiveCfg = Debug|Win32
		{52EFDC17-5C7F-4ECD-8F4C-EF0E4E7C50BA}.Release|Win32.ActiveCfg = Release|Win32
		{52EFDC17-5C7F-4ECD-8F4C-EF0E4E7C50BA}.MinSizeRel|Win32.ActiveCfg = MinSizeRel|Win32
		{52EFDC17-5C7F-4ECD-8F4C-EF0E4E7C50BA}.RelWithDebInfo|Win32.ActiveCfg = RelWithDebInfo|Win32
		{6A70B285-F0AE-425E-85C8-5FE74831AB68}.Debug|Win32.ActiveCfg = Debug|Win32
		{6A70B285-F0AE-425E-85C8-5FE74831AB68}.Release|Win32.ActiveCfg = Release|Win32
		{6A70B285-F0AE-425E-85C8-5FE74831AB68}.MinSizeRel|Win32.ActiveCfg = MinSizeRel|Win32
		{6A70B285-F0AE-425E-85C8-5FE74831AB68}.RelWithDebInfo|Win32.ActiveCfg = RelWithDebInfo|Win32
		{52EFDC17-5C7F-4ECD-8F4C-EF0E4E7C50BA}.Debug|Win32.ActiveCfg = Debug|Win32
		{52EFDC17-5C7F-4ECD-8F4C-EF0E4E7C50BA}.Release|Win32.ActiveCfg = Release|Win32
		{52EFDC17-5C7F-4ECD-8F4C-EF0E4E7C50BA}.MinSizeRel|Win32.ActiveCfg = MinSizeRel|Win32
		{52EFDC17-5C7F-4ECD-8F4C-EF0E4E7C50BA}.RelWithDebInfo|Win32.ActiveCfg = RelWithDebInfo|Win32
		{6A70B285-F0AE-425E-85C8-5FE74831AB68}.Debug|Win32.ActiveCfg = Debug|Win32
		{6A70B285-F0AE-425E-85C8-5FE74831AB68}.Release|Win32.ActiveCfg = Release|Win32
		{6A70B285-F0AE-425E-85C8-5FE74831AB68}.MinSizeRel|Win32.ActiveCfg = MinSizeRel|Win32
		{6A70B285-F0AE-425E-85C8-5FE74831AB68}.RelWithDebInfo|Win32.ActiveCfg = RelWithDebInfo|Win32
		{52EFDC17-5C7F-4ECD-8F4C-EF0E4E7C50BA}.Debug|Win32.ActiveCfg = Debug|Win32
		{52EFDC17-5C7F-4ECD-8F4C-EF0E4E7C50BA}.Release|Win32.ActiveCfg = Release|Win32
		{52EFDC17-5C7F-4ECD-8F4C-EF0E4E7C50BA}.MinSizeRel|Win32.ActiveCfg = MinSizeRel|Win32
		{52EFDC17-5C7F-4ECD-8F4C-EF0E4E7C50BA}.RelWithDebInfo|Win32.ActiveCfg = RelWithDebInfo|Win32
		{6A70B285-F0AE-425E-85C8-5FE74831AB68}.Debug|Win32.ActiveCfg = Debug|Win32
		{6A70B285-F0AE-425E-85C8-5FE74831AB68}.Release|Win32.ActiveCfg = Release|Win32
		{6A70B285-F0AE-425E-85C8-5FE74831AB68}.MinSizeRel|Win32.ActiveCfg = MinSizeRel|Win32
		{6A70B285-F0AE-425E-85C8-5FE74831AB68}.RelWithDebInfo|Win32.ActiveCfg = RelWithDebInfo|Win32
		{52EFDC17-5C7F-4ECD-8F4C-EF0E4E7C50BA}.Debug|Win32.ActiveCfg = Debug|Win32
		{52EFDC17-5C7F-4ECD-8F4C-EF0E4E7C50BA}.Release|Win32.ActiveCfg = Release|Win32
		{52EFDC17-5C7F-4ECD-8F4C-EF0E4E7C50BA}.MinSizeRel|Win32.ActiveCfg = MinSizeRel|Win32
		{52EFDC17-5C7F-4ECD-8F4C-EF0E4E7C50BA}.RelWithDebInfo|Win32.ActiveCfg = RelWithDebInfo|Win32
		{6A70B285-F0AE-425E-85C8-5FE74831AB68}.Debug|Win32.ActiveCfg = Debug|Win32
		{6A70B285-F0AE-425E-85C8-5FE74831AB68}.Release|Win32.ActiveCfg = Release|Win32
		{6A70B285-F0AE-425E-85C8-5FE74831AB68}.MinSizeRel|Win32.ActiveCfg = MinSizeRel|Win32
		{6A70B285-F0AE-425E-85C8-5FE74831AB68}.RelWithDebInfo|Win32.ActiveCfg = RelWithDebInfo|Win32
		{52EFDC17-5C7F-4ECD-8F4C-EF0E4E7C50BA}.Debug|Win32.ActiveCfg = Debug|Win32
		{52EFDC17-5C7F-4ECD-8F4C-EF0E4E7C50BA}.Release|Win32.ActiveCfg = Release|Win32
		{52EFDC17-5C7F-4ECD-8F4C-EF0E4E7C50BA}.MinSizeRel|Win32.ActiveCfg = MinSizeRel|Win32
		{52EFDC17-5C7F-4ECD-8F4C-EF0E4E7C50BA}.RelWithDebInfo|Win32.ActiveCfg = RelWithDebInfo|Win32
		{6A70B285-F0AE-425E-85C8-5FE74831AB68}.Debug|Win32.ActiveCfg = Debug|Win32
		{6A70B285-F0AE-425E-85C8-5FE74831AB68}.Release|Win32.ActiveCfg = Release|Win32
		{6A70B285-F0AE-425E-85C8-5FE74831AB68}.MinSizeRel|Win32.ActiveCfg = MinSizeRel|Win32
		{6A70B285-F0AE-425E-85C8-5FE74831AB68}.RelWithDebInfo|Win32.ActiveCfg = RelWithDebInfo|Win32
		{52EFDC17-5C7F-4ECD-8F4C-EF0E4E7C50BA}.Debug|Win32.ActiveCfg = Debug|Win32
		{52EFDC17-5C7F-4ECD-8F4C-EF0E4E7C50BA}.Release|Win32.ActiveCfg = Release|Win32
		{52EFDC17-5C7F-4ECD-8F4C-EF0E4E7C50BA}.MinSizeRel|Win32.ActiveCfg = MinSizeRel|Win32
		{52EFDC17-5C7F-4ECD-8F4C-EF0E4E7C50BA}.RelWithDebInfo|Win32.ActiveCfg = RelWithDebInfo|Win32
		{6A70B285-F0AE-425E-85C8-5FE74831AB68}.Debug|Win32.ActiveCfg = Debug|Win32
		{6A70B285-F0AE-425E-85C8-5FE74831AB68}.Release|Win32.ActiveCfg = Release|Win32
		{6A70B285-F0AE-425E-85C8-5FE74831AB68}.MinSizeRel|Win32.ActiveCfg = MinSizeRel|Win32
		{6A70B285-F0AE-425E-85C8-5FE74831AB68}.RelWithDebInfo|Win32.ActiveCfg = RelWithDebInfo|Win32
		{52EFDC17-5C7F-4ECD-8F4C-EF0E4E7C50BA}.Debug|Win32.ActiveCfg = Debug|Win32
		{52EFDC17-5C7F-4ECD-8F4C-EF0E4E7C50BA}.Release|Win32.ActiveCfg = Release|Win32
		{52EFDC17-5C7F-4ECD-8F4C-EF0E4E7C50BA}.MinSizeRel|Win32.ActiveCfg = MinSizeRel|Win32
		{52EFDC17-5C7F-4ECD-8F4C-EF0E4E7C50BA}.RelWithDebInfo|Win32.ActiveCfg = RelWithDebInfo|Win32
		{6A70B285-F0AE-425E-85C8-5FE74831AB68}.Debug|Win32.ActiveCfg = Debug|Win32
		{6A70B285-F0AE-425E-85C8-5FE74831AB68}.Release|Win32.ActiveCfg = Release|Win32
		{6A70B285-F0AE-425E-85C8-5FE74831AB68}.MinSizeRel|Win32.ActiveCfg = MinSizeRel|Win32
		{6A70B285-F0AE-425E-85C8-5FE74831AB68}.RelWithDebInfo|Win32.ActiveCfg = RelWithDebInfo|Win32
		{52EFDC17-5C7F-4ECD-8F4C-EF0E4E7C50BA}.Debug|Win32.ActiveCfg = Debug|Win32
		{52EFDC17-5C7F-4ECD-8F4C-EF0E4E7C50BA}.Release|Win32.ActiveCfg = Release|Win32
		{52EFDC17-5C7F-4ECD-8F4C-EF0E4E7C50BA}.MinSizeRel|Win32.ActiveCfg = MinSizeRel|Win32
		{52EFDC17-5C7F-4ECD-8F4C-EF0E4E7C50BA}.RelWithDebInfo|Win32.ActiveCfg = RelWithDebInfo|Win32
		{6A70B285-F0AE-425E-85C8-5FE74831AB68}.Debug|Win32.ActiveCfg = Debug|Win32
		{6A70B285-F0AE-425E-85C8-5FE74831AB68}.Release|Win32.ActiveCfg = Release|Win32
		{6A70B285-F0AE-425E-85C8-5FE74831AB68}.MinSizeRel|Win32.ActiveCfg = MinSizeRel|Win32
		{6A70B285-F0AE-425E-85C8-5FE74831AB68}.RelWithDebInfo|Win32.ActiveCfg = RelWithDebInfo|Win32
		{52EFDC17-5C7F-4ECD-8F4C-EF0E4E7C50BA}.Debug|Win32.ActiveCfg = Debug|Win32
		{52EFDC17-5C7F-4ECD-8F4C-EF0E4E7C50BA}.Release|Win32.ActiveCfg = Release|Win32
		{52EFDC17-5C7F-4ECD-8F4C-EF0E4E7C50BA}.MinSizeRel|Win32.ActiveCfg = MinSizeRel|Win32
		{52EFDC17-5C7F-4ECD-8F4C-EF0E4E7C50BA}.RelWithDebInfo|Win32.ActiveCfg = RelWithDebInfo|Win32
		{6A70B285-F0AE-425E-85C8-5FE74831AB68}.Debug|Win32.ActiveCfg = Debug|Win32
		{6A70B285-F0AE-425E-85C8-5FE74831AB68}.Release|Win32.ActiveCfg = Release|Win32
		{6A70B285-F0AE-425E-85C8-5FE74831AB68}.MinSizeRel|Win32.ActiveCfg = MinSizeRel|Win32
		{6A70B285-F0AE-425E-85C8-5FE74831AB68}.RelWithDebInfo|Win32.ActiveCfg = RelWithDebInfo|Win32
		{52EFDC17-5C7F-4ECD-8F4C-EF0E4E7C50BA}.Debug|Win32.ActiveCfg = Debug|Win32
		{52EFDC17-5C7F-4ECD-8F4C-EF0E4E7C50BA}.Release|Win32.ActiveCfg = Release|Win32
		{52EFDC17-5C7F-4ECD-8F4C-EF0E4E7C50BA}.MinSizeRel|Win32.ActiveCfg = MinSizeRel|Win32
		{52EFDC17-5C7F-4ECD-8F4C-EF0E4E7C50BA}.RelWithDebInfo|Win32.ActiveCfg = RelWithDebInfo|Win32
		{6A70B285-F0AE-425E-85C8-5FE74831AB68}.Debug|Win32.ActiveCfg = Debug|Win32
		{6A70B285-F0AE-425E-85C8-5FE74831AB68}.Release|Win32.ActiveCfg = Release|Win32
		{6A70B285-F0AE-425E-85C8-5FE74831AB68}.MinSizeRel|Win32.ActiveCfg = MinSizeRel|Win32
		{6A70B285-F0AE-425E-85C8-5FE74831AB68}.RelWithDebInfo|Win32.ActiveCfg = RelWithDebInfo|Win32
		{52EFDC17-5C7F-4ECD-8F4C-EF0E4E7C50BA}.Debug|Win32.ActiveCfg = Debug|Win32
		{52EFDC17-5C7F-4ECD-8F4C-EF0E4E7C50BA}.Release|Win32.ActiveCfg = Release|Win32
		{52EFDC17-5C7F-4ECD-8F4C-EF0E4E7C50BA}.MinSizeRel|Win32.ActiveCfg = MinSizeRel|Win32
		{52EFDC17-5C7F-4ECD-8F4C-EF0E4E7C50BA}.RelWithDebInfo|Win32.ActiveCfg = RelWithDebInfo|Win32
		{6A70B285-F0AE-425E-85C8-5FE74831AB68}.Debug|Win32.ActiveCfg = Debug|Win32
		{6A70B285-F0AE-425E-85C8-5FE74831AB68}.Release|Win32.ActiveCfg = Release|Win32
		{6A70B285-F0AE-425E-85C8-5FE74831AB68}.MinSizeRel|Win32.ActiveCfg = MinSizeRel|Win32
		{6A70B285-F0AE-425E-85C8-5FE74831AB68}.RelWithDebInfo|Win32.ActiveCfg = RelWithDebInfo|Win32
		{52EFDC17-5C7F-4ECD-8F4C-EF0E4E7C50BA}.Debug|Win32.ActiveCfg = Debug|Win32
		{52EFDC17-5C7F-4ECD-8F4C-EF0E4E7C50BA}.Release|Win32.ActiveCfg = Release|Win32
		{52EFDC17-5C7F-4ECD-8F4C-EF0E4E7C50BA}.MinSizeRel|Win32.ActiveCfg = MinSizeRel|Win32
		{52EFDC17-5C7F-4ECD-8F4C-EF0E4E7C50BA}.RelWithDebInfo|Win32.ActiveCfg = RelWithDebInfo|Win32
		{6A70B285-F0AE-425E-85C8-5FE74831AB68}.Debug|Win32.ActiveCfg = Debug|Win32
		{6A70B285-F0AE-425E-85C8-5FE74831AB68}.Release|Win32.ActiveCfg = Release|Win32
		{6A70B285-F0AE-425E-85C8-5FE74831AB68}.MinSizeRel|Win32.ActiveCfg = MinSizeRel|Win32
		{6A70B285-F0AE-425E-85C8-5FE74831AB68}.RelWithDebInfo|Win32.ActiveCfg = RelWithDebInfo|Win32
	EndGlobalSection
	GlobalSection(ExtensibilityGlobals) = postSolution
	EndGlobalSection
	GlobalSection(ExtensibilityAddIns) = postSolution
	EndGlobalSection
EndGlobal
