<?xml version="1.0" encoding="utf-8"?>
<Project ToolsVersion="4.0" xmlns="http://schemas.microsoft.com/developer/msbuild/2003">
  <ItemGroup>
    <Filter Include="CORE">
      <UniqueIdentifier>{93995380-89BD-4b04-88EB-625FBE52EBFB}</UniqueIdentifier>
      <Extensions>h;hpp;hxx;hm;inl;inc;xsd</Extensions>
    </Filter>
    <Filter Include="Resource Files">
      <UniqueIdentifier>{67DA6AB6-F800-4c08-8B7A-83BB121AAD01}</UniqueIdentifier>
      <Extensions>rc;ico;cur;bmp;dlg;rc2;rct;bin;rgs;gif;jpg;jpeg;jpe;resx;tiff;tif;png;wav</Extensions>
    </Filter>
    <Filter Include="GUI">
      <UniqueIdentifier>{72b8ceb3-f1ca-4179-ada0-fea1f42dac2a}</UniqueIdentifier>
    </Filter>
  </ItemGroup>
  <ItemGroup>
    <ClCompile Include="FlashDriveMgr.cpp">
      <Filter>CORE</Filter>
    </ClCompile>
    <ClCompile Include="FlashDriveCopy.cpp">
      <Filter>GUI</Filter>
    </ClCompile>
    <ClCompile Include="MainDlg.cpp">
      <Filter>GUI</Filter>
    </ClCompile>
    <ClCompile Include="stdafx.cpp" />
  </ItemGroup>
  <ItemGroup>
    <ClInclude Include="FlashDriveMgr.h">
      <Filter>CORE</Filter>
    </ClInclude>
    <ClInclude Include="FlashDriveCopy.h">
      <Filter>GUI</Filter>
    </ClInclude>
    <ClInclude Include="MainDlg.h">
      <Filter>GUI</Filter>
    </ClInclude>
    <ClInclude Include="Resource.h">
      <Filter>CORE</Filter>
    </ClInclude>
    <ClInclude Include="stdafx.h">
      <Filter>CORE</Filter>
    </ClInclude>
    <ClInclude Include="targetver.h">
      <Filter>CORE</Filter>
    </ClInclude>
  </ItemGroup>
  <ItemGroup>
    <ResourceCompile Include="FlashDriveCopy.rc">
      <Filter>Resource Files</Filter>
    </ResourceCompile>
  </ItemGroup>
  <ItemGroup>
    <None Include="res\FlashDriveCopy.rc2">
      <Filter>Resource Files</Filter>
    </None>
  </ItemGroup>
</Project>