<?xml version="1.0" encoding="utf-8"?>
<Project ToolsVersion="4.0" xmlns="http://schemas.microsoft.com/developer/msbuild/2003">
  <ItemGroup>
    <Filter Include="IO">
      <UniqueIdentifier>{c78346de-c745-4c3f-a440-fbe2bb2cd3b7}</UniqueIdentifier>
    </Filter>
    <Filter Include="other">
      <UniqueIdentifier>{6ee01522-5f44-451b-a13a-ca898553b057}</UniqueIdentifier>
    </Filter>
    <Filter Include="Utility">
      <UniqueIdentifier>{687e1ed5-b640-4be6-94ee-4af843cb95ff}</UniqueIdentifier>
    </Filter>
  </ItemGroup>
  <ItemGroup>
    <ClInclude Include="stdafx.h">
      <Filter>other</Filter>
    </ClInclude>
    <ClInclude Include="targetver.h">
      <Filter>other</Filter>
    </ClInclude>
    <ClInclude Include="include\WinFile.h">
      <Filter>IO</Filter>
    </ClInclude>
    <ClInclude Include="include\MyLib.h" />
    <ClInclude Include="include\iFile.h">
      <Filter>IO</Filter>
    </ClInclude>
    <ClInclude Include="include\WinConsole.h">
      <Filter>Utility</Filter>
    </ClInclude>
    <ClInclude Include="include\MyString.h">
      <Filter>Utility</Filter>
    </ClInclude>
    <ClInclude Include="include\MyError.h">
      <Filter>Utility</Filter>
    </ClInclude>
    <ClInclude Include="iBlockDevice.h">
      <Filter>IO</Filter>
    </ClInclude>
    <ClInclude Include="PhysicalDrive.h">
      <Filter>IO</Filter>
    </ClInclude>
  </ItemGroup>
  <ItemGroup>
    <ClCompile Include="stdafx.cpp">
      <Filter>other</Filter>
    </ClCompile>
    <ClCompile Include="src\WinFile.cpp">
      <Filter>IO</Filter>
    </ClCompile>
    <ClCompile Include="src\WinConsole.cpp">
      <Filter>Utility</Filter>
    </ClCompile>
    <ClCompile Include="src\MyError.cpp">
      <Filter>Utility</Filter>
    </ClCompile>
    <ClCompile Include="main.cpp" />
    <ClCompile Include="PhysicalDrive.cpp">
      <Filter>IO</Filter>
    </ClCompile>
  </ItemGroup>
</Project>