<?xml version="1.0" encoding="utf-8"?>
<Project ToolsVersion="4.0" xmlns="http://schemas.microsoft.com/developer/msbuild/2003">
  <ItemGroup>
    <Filter Include="GUI">
      <UniqueIdentifier>{b231d88a-6b20-46ae-86e3-632fb4d67202}</UniqueIdentifier>
    </Filter>
    <Filter Include="Resource Files">
      <UniqueIdentifier>{67DA6AB6-F800-4c08-8B7A-83BB121AAD01}</UniqueIdentifier>
      <Extensions>rc;ico;cur;bmp;dlg;rc2;rct;bin;rgs;gif;jpg;jpeg;jpe;resx;tiff;tif;png;wav</Extensions>
    </Filter>
  </ItemGroup>
  <ItemGroup>
    <ClCompile Include="MainWnd.cpp">
      <Filter>GUI</Filter>
    </ClCompile>
    <ClCompile Include="Main.cpp" />
    <ClCompile Include="RichEdit.cpp" />
    <ClCompile Include="stdafx.cpp" />
  </ItemGroup>
  <ItemGroup>
    <ClInclude Include="MainWnd.h">
      <Filter>GUI</Filter>
    </ClInclude>
    <ClInclude Include="Main.h" />
    <ClInclude Include="Resource.h" />
    <ClInclude Include="RichEdit.h" />
    <ClInclude Include="stdafx.h" />
    <ClInclude Include="targetver.h" />
  </ItemGroup>
  <ItemGroup>
    <ResourceCompile Include="DocRenamer.rc">
      <Filter>Resource Files</Filter>
    </ResourceCompile>
  </ItemGroup>
  <ItemGroup>
    <None Include="rc\Word.ico">
      <Filter>Resource Files</Filter>
    </None>
  </ItemGroup>
</Project>