
Microsoft Visual Studio Solution File, Format Version 10.00
# Visual Studio 2008
Project("{8BC9CEB8-8B4A-11D0-8D11-00A0C91BC942}") = "example", "example.vcproj", "{A97802EC-50B2-41F1-90B5-5C73D6877A57}"
	ProjectSection(ProjectDependencies) = postProject
		{B13C4E24-B502-420D-ADD6-F1BCEB93CD42} = {B13C4E24-B502-420D-ADD6-F1BCEB93CD42}
	EndProjectSection
EndProject
Project("{8BC9CEB8-8B4A-11D0-8D11-00A0C91BC942}") = "minigzip", "minigzip.vcproj", "{EEB4AAA3-7768-4B0E-929D-8ED087FB0A60}"
	ProjectSection(ProjectDependencies) = postProject
		{B13C4E24-B502-420D-ADD6-F1BCEB93CD42} = {B13C4E24-B502-420D-ADD6-F1BCEB93CD42}
	EndProjectSection
EndProject
Project("{8BC9CEB8-8B4A-11D0-8D11-00A0C91BC942}") = "zlib", "zlib.vcproj", "{B13C4E24-B502-420D-ADD6-F1BCEB93CD42}"
EndProject
Global
	GlobalSection(SolutionConfigurationPlatforms) = preSolution
		DLL ASM Debug|Win32 = DLL ASM Debug|Win32
		DLL ASM Release|Win32 = DLL ASM Release|Win32
		DLL Debug|Win32 = DLL Debug|Win32
		DLL Release|Win32 = DLL Release|Win32
		LIB ASM Debug|Win32 = LIB ASM Debug|Win32
		LIB ASM Release|Win32 = LIB ASM Release|Win32
		LIB Debug|Win32 = LIB Debug|Win32
		LIB Release|Win32 = LIB Release|Win32
	EndGlobalSection
	GlobalSection(ProjectConfigurationPlatforms) = postSolution
		{A97802EC-50B2-41F1-90B5-5C73D6877A57}.DLL ASM Debug|Win32.ActiveCfg = DLL ASM Debug|Win32
		{A97802EC-50B2-41F1-90B5-5C73D6877A57}.DLL ASM Debug|Win32.Build.0 = DLL ASM Debug|Win32
		{A97802EC-50B2-41F1-90B5-5C73D6877A57}.DLL ASM Release|Win32.ActiveCfg = DLL ASM Release|Win32
		{A97802EC-50B2-41F1-90B5-5C73D6877A57}.DLL ASM Release|Win32.Build.0 = DLL ASM Release|Win32
		{A97802EC-50B2-41F1-90B5-5C73D6877A57}.DLL Debug|Win32.ActiveCfg = DLL Debug|Win32
		{A97802EC-50B2-41F1-90B5-5C73D6877A57}.DLL Debug|Win32.Build.0 = DLL Debug|Win32
		{A97802EC-50B2-41F1-90B5-5C73D6877A57}.DLL Release|Win32.ActiveCfg = DLL Release|Win32
		{A97802EC-50B2-41F1-90B5-5C73D6877A57}.DLL Release|Win32.Build.0 = DLL Release|Win32
		{A97802EC-50B2-41F1-90B5-5C73D6877A57}.LIB ASM Debug|Win32.ActiveCfg = LIB ASM Debug|Win32
		{A97802EC-50B2-41F1-90B5-5C73D6877A57}.LIB ASM Debug|Win32.Build.0 = LIB ASM Debug|Win32
		{A97802EC-50B2-41F1-90B5-5C73D6877A57}.LIB ASM Release|Win32.ActiveCfg = LIB ASM Release|Win32
		{A97802EC-50B2-41F1-90B5-5C73D6877A57}.LIB ASM Release|Win32.Build.0 = LIB ASM Release|Win32
		{A97802EC-50B2-41F1-90B5-5C73D6877A57}.LIB Debug|Win32.ActiveCfg = LIB Debug|Win32
		{A97802EC-50B2-41F1-90B5-5C73D6877A57}.LIB Debug|Win32.Build.0 = LIB Debug|Win32
		{A97802EC-50B2-41F1-90B5-5C73D6877A57}.LIB Release|Win32.ActiveCfg = LIB Release|Win32
		{A97802EC-50B2-41F1-90B5-5C73D6877A57}.LIB Release|Win32.Build.0 = LIB Release|Win32
		{EEB4AAA3-7768-4B0E-929D-8ED087FB0A60}.DLL ASM Debug|Win32.ActiveCfg = DLL ASM Debug|Win32
		{EEB4AAA3-7768-4B0E-929D-8ED087FB0A60}.DLL ASM Debug|Win32.Build.0 = DLL ASM Debug|Win32
		{EEB4AAA3-7768-4B0E-929D-8ED087FB0A60}.DLL ASM Release|Win32.ActiveCfg = DLL ASM Release|Win32
		{EEB4AAA3-7768-4B0E-929D-8ED087FB0A60}.DLL ASM Release|Win32.Build.0 = DLL ASM Release|Win32
		{EEB4AAA3-7768-4B0E-929D-8ED087FB0A60}.DLL Debug|Win32.ActiveCfg = DLL Debug|Win32
		{EEB4AAA3-7768-4B0E-929D-8ED087FB0A60}.DLL Debug|Win32.Build.0 = DLL Debug|Win32
		{EEB4AAA3-7768-4B0E-929D-8ED087FB0A60}.DLL Release|Win32.ActiveCfg = DLL Release|Win32
		{EEB4AAA3-7768-4B0E-929D-8ED087FB0A60}.DLL Release|Win32.Build.0 = DLL Release|Win32
		{EEB4AAA3-7768-4B0E-929D-8ED087FB0A60}.LIB ASM Debug|Win32.ActiveCfg = LIB ASM Debug|Win32
		{EEB4AAA3-7768-4B0E-929D-8ED087FB0A60}.LIB ASM Debug|Win32.Build.0 = LIB ASM Debug|Win32
		{EEB4AAA3-7768-4B0E-929D-8ED087FB0A60}.LIB ASM Release|Win32.ActiveCfg = LIB ASM Release|Win32
		{EEB4AAA3-7768-4B0E-929D-8ED087FB0A60}.LIB ASM Release|Win32.Build.0 = LIB ASM Release|Win32
		{EEB4AAA3-7768-4B0E-929D-8ED087FB0A60}.LIB Debug|Win32.ActiveCfg = LIB Debug|Win32
		{EEB4AAA3-7768-4B0E-929D-8ED087FB0A60}.LIB Debug|Win32.Build.0 = LIB Debug|Win32
		{EEB4AAA3-7768-4B0E-929D-8ED087FB0A60}.LIB Release|Win32.ActiveCfg = LIB Release|Win32
		{EEB4AAA3-7768-4B0E-929D-8ED087FB0A60}.LIB Release|Win32.Build.0 = LIB Release|Win32
		{B13C4E24-B502-420D-ADD6-F1BCEB93CD42}.DLL ASM Debug|Win32.ActiveCfg = DLL ASM Debug|Win32
		{B13C4E24-B502-420D-ADD6-F1BCEB93CD42}.DLL ASM Debug|Win32.Build.0 = DLL ASM Debug|Win32
		{B13C4E24-B502-420D-ADD6-F1BCEB93CD42}.DLL ASM Release|Win32.ActiveCfg = DLL ASM Release|Win32
		{B13C4E24-B502-420D-ADD6-F1BCEB93CD42}.DLL ASM Release|Win32.Build.0 = DLL ASM Release|Win32
		{B13C4E24-B502-420D-ADD6-F1BCEB93CD42}.DLL Debug|Win32.ActiveCfg = DLL Debug|Win32
		{B13C4E24-B502-420D-ADD6-F1BCEB93CD42}.DLL Debug|Win32.Build.0 = DLL Debug|Win32
		{B13C4E24-B502-420D-ADD6-F1BCEB93CD42}.DLL Release|Win32.ActiveCfg = DLL Release|Win32
		{B13C4E24-B502-420D-ADD6-F1BCEB93CD42}.DLL Release|Win32.Build.0 = DLL Release|Win32
		{B13C4E24-B502-420D-ADD6-F1BCEB93CD42}.LIB ASM Debug|Win32.ActiveCfg = LIB ASM Debug|Win32
		{B13C4E24-B502-420D-ADD6-F1BCEB93CD42}.LIB ASM Debug|Win32.Build.0 = LIB ASM Debug|Win32
		{B13C4E24-B502-420D-ADD6-F1BCEB93CD42}.LIB ASM Release|Win32.ActiveCfg = LIB ASM Release|Win32
		{B13C4E24-B502-420D-ADD6-F1BCEB93CD42}.LIB ASM Release|Win32.Build.0 = LIB ASM Release|Win32
		{B13C4E24-B502-420D-ADD6-F1BCEB93CD42}.LIB Debug|Win32.ActiveCfg = LIB Debug|Win32
		{B13C4E24-B502-420D-ADD6-F1BCEB93CD42}.LIB Debug|Win32.Build.0 = LIB Debug|Win32
		{B13C4E24-B502-420D-ADD6-F1BCEB93CD42}.LIB Release|Win32.ActiveCfg = LIB Release|Win32
		{B13C4E24-B502-420D-ADD6-F1BCEB93CD42}.LIB Release|Win32.Build.0 = LIB Release|Win32
	EndGlobalSection
	GlobalSection(SolutionProperties) = preSolution
		HideSolutionNode = FALSE
	EndGlobalSection
EndGlobal
