<?xml version="1.0" encoding="utf-8"?>
<Project ToolsVersion="4.0" xmlns="http://schemas.microsoft.com/developer/msbuild/2003">
  <ItemGroup>
    <Filter Include="Kernel">
      <UniqueIdentifier>{b738554f-9b9c-4e2c-8017-0afc5d1f62ec}</UniqueIdentifier>
    </Filter>
    <Filter Include="Resource Files">
      <UniqueIdentifier>{67DA6AB6-F800-4c08-8B7A-83BB121AAD01}</UniqueIdentifier>
      <Extensions>rc;ico;cur;bmp;dlg;rc2;rct;bin;rgs;gif;jpg;jpeg;jpe;resx;tiff;tif;png;wav</Extensions>
    </Filter>
    <Filter Include="GUI">
      <UniqueIdentifier>{8c1af86f-3de5-4f15-a272-9185a1a5a6ec}</UniqueIdentifier>
    </Filter>
    <Filter Include="App">
      <UniqueIdentifier>{38594469-f5fe-41a2-abe1-f497c5c12a32}</UniqueIdentifier>
    </Filter>
  </ItemGroup>
  <ItemGroup>
    <ClCompile Include="RTKernel.cpp">
      <Filter>Kernel</Filter>
    </ClCompile>
    <ClCompile Include="RTMainDlg.cpp">
      <Filter>GUI</Filter>
    </ClCompile>
    <ClCompile Include="RTMainFrame.cpp">
      <Filter>GUI</Filter>
    </ClCompile>
    <ClCompile Include="RTApp.cpp">
      <Filter>App</Filter>
    </ClCompile>
    <ClCompile Include="stdafx.cpp">
      <Filter>App</Filter>
    </ClCompile>
  </ItemGroup>
  <ItemGroup>
    <ClInclude Include="RTKernel.h">
      <Filter>Kernel</Filter>
    </ClInclude>
    <ClInclude Include="RTMainDlg.h">
      <Filter>GUI</Filter>
    </ClInclude>
    <ClInclude Include="RTMainFrame.h">
      <Filter>GUI</Filter>
    </ClInclude>
    <ClInclude Include="Resource.h">
      <Filter>App</Filter>
    </ClInclude>
    <ClInclude Include="RTApp.h">
      <Filter>App</Filter>
    </ClInclude>
    <ClInclude Include="stdafx.h">
      <Filter>App</Filter>
    </ClInclude>
    <ClInclude Include="targetver.h">
      <Filter>App</Filter>
    </ClInclude>
  </ItemGroup>
  <ItemGroup>
    <ResourceCompile Include="RAIDTools.rc">
      <Filter>Resource Files</Filter>
    </ResourceCompile>
  </ItemGroup>
  <ItemGroup>
    <None Include="res\RAIDTools.rc2">
      <Filter>Resource Files</Filter>
    </None>
    <None Include="res\RTMainIcon.ico">
      <Filter>Resource Files</Filter>
    </None>
  </ItemGroup>
</Project>